// !$*UTF8*$!
{
	archiveVersion = 1;
	classes = {
	};
	objectVersion = 50;
	objects = {

/* Begin PBXBuildFile section */
		4445748725F6A09A00F4EE05 /* AppDelegate.swift in Sources */ = {isa = PBXBuildFile; fileRef = 4445748625F6A09A00F4EE05 /* AppDelegate.swift */; };
		4445748925F6A09A00F4EE05 /* SceneDelegate.swift in Sources */ = {isa = PBXBuildFile; fileRef = 4445748825F6A09A00F4EE05 /* SceneDelegate.swift */; };
		4445748B25F6A09A00F4EE05 /* ViewController.swift in Sources */ = {isa = PBXBuildFile; fileRef = 4445748A25F6A09A00F4EE05 /* ViewController.swift */; };
		4445748E25F6A09A00F4EE05 /* Main.storyboard in Resources */ = {isa = PBXBuildFile; fileRef = 4445748C25F6A09A00F4EE05 /* Main.storyboard */; };
		4445749025F6A09B00F4EE05 /* Assets.xcassets in Resources */ = {isa = PBXBuildFile; fileRef = 4445748F25F6A09B00F4EE05 /* Assets.xcassets */; };
		4445749325F6A09B00F4EE05 /* LaunchScreen.storyboard in Resources */ = {isa = PBXBuildFile; fileRef = 4445749125F6A09B00F4EE05 /* LaunchScreen.storyboard */; };
		4445749E25F6A09B00F4EE05 /* checkboxTests.swift in Sources */ = {isa = PBXBuildFile; fileRef = 4445749D25F6A09B00F4EE05 /* checkboxTests.swift */; };
		444574A925F6A09C00F4EE05 /* checkboxUITests.swift in Sources */ = {isa = PBXBuildFile; fileRef = 444574A825F6A09C00F4EE05 /* checkboxUITests.swift */; };
/* End PBXBuildFile section */

/* Begin PBXContainerItemProxy section */
		4445749A25F6A09B00F4EE05 /* PBXContainerItemProxy */ = {
			isa = PBXContainerItemProxy;
			containerPortal = 4445747B25F6A09A00F4EE05 /* Project object */;
			proxyType = 1;
			remoteGlobalIDString = 4445748225F6A09A00F4EE05;
			remoteInfo = checkbox;
		};
		444574A525F6A09C00F4EE05 /* PBXContainerItemProxy */ = {
			isa = PBXContainerItemProxy;
			containerPortal = 4445747B25F6A09A00F4EE05 /* Project object */;
			proxyType = 1;
			remoteGlobalIDString = 4445748225F6A09A00F4EE05;
			remoteInfo = checkbox;
		};
/* End PBXContainerItemProxy section */

/* Begin PBXFileReference section */
		4445748325F6A09A00F4EE05 /* checkbox.app */ = {isa = PBXFileReference; explicitFileType = wrapper.application; includeInIndex = 0; path = checkbox.app; sourceTree = BUILT_PRODUCTS_DIR; };
		4445748625F6A09A00F4EE05 /* AppDelegate.swift */ = {isa = PBXFileReference; lastKnownFileType = sourcecode.swift; path = AppDelegate.swift; sourceTree = "<group>"; };
		4445748825F6A09A00F4EE05 /* SceneDelegate.swift */ = {isa = PBXFileReference; lastKnownFileType = sourcecode.swift; path = SceneDelegate.swift; sourceTree = "<group>"; };
		4445748A25F6A09A00F4EE05 /* ViewController.swift */ = {isa = PBXFileReference; lastKnownFileType = sourcecode.swift; path = ViewController.swift; sourceTree = "<group>"; };
		4445748D25F6A09A00F4EE05 /* Base */ = {isa = PBXFileReference; lastKnownFileType = file.storyboard; name = Base; path = Base.lproj/Main.storyboard; sourceTree = "<group>"; };
		4445748F25F6A09B00F4EE05 /* Assets.xcassets */ = {isa = PBXFileReference; lastKnownFileType = folder.assetcatalog; path = Assets.xcassets; sourceTree = "<group>"; };
		4445749225F6A09B00F4EE05 /* Base */ = {isa = PBXFileReference; lastKnownFileType = file.storyboard; name = Base; path = Base.lproj/LaunchScreen.storyboard; sourceTree = "<group>"; };
		4445749425F6A09B00F4EE05 /* Info.plist */ = {isa = PBXFileReference; lastKnownFileType = text.plist.xml; path = Info.plist; sourceTree = "<group>"; };
		4445749925F6A09B00F4EE05 /* checkboxTests.xctest */ = {isa = PBXFileReference; explicitFileType = wrapper.cfbundle; includeInIndex = 0; path = checkboxTests.xctest; sourceTree = BUILT_PRODUCTS_DIR; };
		4445749D25F6A09B00F4EE05 /* checkboxTests.swift */ = {isa = PBXFileReference; lastKnownFileType = sourcecode.swift; path = checkboxTests.swift; sourceTree = "<group>"; };
		4445749F25F6A09B00F4EE05 /* Info.plist */ = {isa = PBXFileReference; lastKnownFileType = text.plist.xml; path = Info.plist; sourceTree = "<group>"; };
		444574A425F6A09C00F4EE05 /* checkboxUITests.xctest */ = {isa = PBXFileReference; explicitFileType = wrapper.cfbundle; includeInIndex = 0; path = checkboxUITests.xctest; sourceTree = BUILT_PRODUCTS_DIR; };
		444574A825F6A09C00F4EE05 /* checkboxUITests.swift */ = {isa = PBXFileReference; lastKnownFileType = sourcecode.swift; path = checkboxUITests.swift; sourceTree = "<group>"; };
		444574AA25F6A09C00F4EE05 /* Info.plist */ = {isa = PBXFileReference; lastKnownFileType = text.plist.xml; path = Info.plist; sourceTree = "<group>"; };
/* End PBXFileReference section */

/* Begin PBXFrameworksBuildPhase section */
		4445748025F6A09A00F4EE05 /* Frameworks */ = {
			isa = PBXFrameworksBuildPhase;
			buildActionMask = 2147483647;
			files = (
			);
			runOnlyForDeploymentPostprocessing = 0;
		};
		4445749625F6A09B00F4EE05 /* Frameworks */ = {
			isa = PBXFrameworksBuildPhase;
			buildActionMask = 2147483647;
			files = (
			);
			runOnlyForDeploymentPostprocessing = 0;
		};
		444574A125F6A09C00F4EE05 /* Frameworks */ = {
			isa = PBXFrameworksBuildPhase;
			buildActionMask = 2147483647;
			files = (
			);
			runOnlyForDeploymentPostprocessing = 0;
		};
/* End PBXFrameworksBuildPhase section */

/* Begin PBXGroup section */
		4445747A25F6A09A00F4EE05 = {
			isa = PBXGroup;
			children = (
				4445748525F6A09A00F4EE05 /* checkbox */,
				4445749C25F6A09B00F4EE05 /* checkboxTests */,
				444574A725F6A09C00F4EE05 /* checkboxUITests */,
				4445748425F6A09A00F4EE05 /* Products */,
			);
			sourceTree = "<group>";
		};
		4445748425F6A09A00F4EE05 /* Products */ = {
			isa = PBXGroup;
			children = (
				4445748325F6A09A00F4EE05 /* checkbox.app */,
				4445749925F6A09B00F4EE05 /* checkboxTests.xctest */,
				444574A425F6A09C00F4EE05 /* checkboxUITests.xctest */,
			);
			name = Products;
			sourceTree = "<group>";
		};
		4445748525F6A09A00F4EE05 /* checkbox */ = {
			isa = PBXGroup;
			children = (
				4445748625F6A09A00F4EE05 /* AppDelegate.swift */,
				4445748825F6A09A00F4EE05 /* SceneDelegate.swift */,
				4445748A25F6A09A00F4EE05 /* ViewController.swift */,
				4445748C25F6A09A00F4EE05 /* Main.storyboard */,
				4445748F25F6A09B00F4EE05 /* Assets.xcassets */,
				4445749125F6A09B00F4EE05 /* LaunchScreen.storyboard */,
				4445749425F6A09B00F4EE05 /* Info.plist */,
			);
			path = checkbox;
			sourceTree = "<group>";
		};
		4445749C25F6A09B00F4EE05 /* checkboxTests */ = {
			isa = PBXGroup;
			children = (
				4445749D25F6A09B00F4EE05 /* checkboxTests.swift */,
				4445749F25F6A09B00F4EE05 /* Info.plist */,
			);
			path = checkboxTests;
			sourceTree = "<group>";
		};
		444574A725F6A09C00F4EE05 /* checkboxUITests */ = {
			isa = PBXGroup;
			children = (
				444574A825F6A09C00F4EE05 /* checkboxUITests.swift */,
				444574AA25F6A09C00F4EE05 /* Info.plist */,
			);
			path = checkboxUITests;
			sourceTree = "<group>";
		};
/* End PBXGroup section */

/* Begin PBXNativeTarget section */
		4445748225F6A09A00F4EE05 /* checkbox */ = {
			isa = PBXNativeTarget;
			buildConfigurationList = 444574AD25F6A09C00F4EE05 /* Build configuration list for PBXNativeTarget "checkbox" */;
			buildPhases = (
				4445747F25F6A09A00F4EE05 /* Sources */,
				4445748025F6A09A00F4EE05 /* Frameworks */,
				4445748125F6A09A00F4EE05 /* Resources */,
			);
			buildRules = (
			);
			dependencies = (
			);
			name = checkbox;
			productName = checkbox;
			productReference = 4445748325F6A09A00F4EE05 /* checkbox.app */;
			productType = "com.apple.product-type.application";
		};
		4445749825F6A09B00F4EE05 /* checkboxTests */ = {
			isa = PBXNativeTarget;
			buildConfigurationList = 444574B025F6A09C00F4EE05 /* Build configuration list for PBXNativeTarget "checkboxTests" */;
			buildPhases = (
				4445749525F6A09B00F4EE05 /* Sources */,
				4445749625F6A09B00F4EE05 /* Frameworks */,
				4445749725F6A09B00F4EE05 /* Resources */,
			);
			buildRules = (
			);
			dependencies = (
				4445749B25F6A09B00F4EE05 /* PBXTargetDependency */,
			);
			name = checkboxTests;
			productName = checkboxTests;
			productReference = 4445749925F6A09B00F4EE05 /* checkboxTests.xctest */;
			productType = "com.apple.product-type.bundle.unit-test";
		};
		444574A325F6A09C00F4EE05 /* checkboxUITests */ = {
			isa = PBXNativeTarget;
			buildConfigurationList = 444574B325F6A09C00F4EE05 /* Build configuration list for PBXNativeTarget "checkboxUITests" */;
			buildPhases = (
				444574A025F6A09C00F4EE05 /* Sources */,
				444574A125F6A09C00F4EE05 /* Frameworks */,
				444574A225F6A09C00F4EE05 /* Resources */,
			);
			buildRules = (
			);
			dependencies = (
				444574A625F6A09C00F4EE05 /* PBXTargetDependency */,
			);
			name = checkboxUITests;
			productName = checkboxUITests;
			productReference = 444574A425F6A09C00F4EE05 /* checkboxUITests.xctest */;
			productType = "com.apple.product-type.bundle.ui-testing";
		};
/* End PBXNativeTarget section */

/* Begin PBXProject section */
		4445747B25F6A09A00F4EE05 /* Project object */ = {
			isa = PBXProject;
			attributes = {
				LastSwiftUpdateCheck = 1240;
				LastUpgradeCheck = 1240;
				TargetAttributes = {
					4445748225F6A09A00F4EE05 = {
						CreatedOnToolsVersion = 12.4;
					};
					4445749825F6A09B00F4EE05 = {
						CreatedOnToolsVersion = 12.4;
						TestTargetID = 4445748225F6A09A00F4EE05;
					};
					444574A325F6A09C00F4EE05 = {
						CreatedOnToolsVersion = 12.4;
						TestTargetID = 4445748225F6A09A00F4EE05;
					};
				};
			};
			buildConfigurationList = 4445747E25F6A09A00F4EE05 /* Build configuration list for PBXProject "checkbox" */;
			compatibilityVersion = "Xcode 9.3";
			developmentRegion = en;
			hasScannedForEncodings = 0;
			knownRegions = (
				en,
				Base,
			);
			mainGroup = 4445747A25F6A09A00F4EE05;
			productRefGroup = 4445748425F6A09A00F4EE05 /* Products */;
			projectDirPath = "";
			projectRoot = "";
			targets = (
				4445748225F6A09A00F4EE05 /* checkbox */,
				4445749825F6A09B00F4EE05 /* checkboxTests */,
				444574A325F6A09C00F4EE05 /* checkboxUITests */,
			);
		};
/* End PBXProject section */

/* Begin PBXResourcesBuildPhase section */
		4445748125F6A09A00F4EE05 /* Resources */ = {
			isa = PBXResourcesBuildPhase;
			buildActionMask = 2147483647;
			files = (
				4445749325F6A09B00F4EE05 /* LaunchScreen.storyboard in Resources */,
				4445749025F6A09B00F4EE05 /* Assets.xcassets in Resources */,
				4445748E25F6A09A00F4EE05 /* Main.storyboard in Resources */,
			);
			runOnlyForDeploymentPostprocessing = 0;
		};
		4445749725F6A09B00F4EE05 /* Resources */ = {
			isa = PBXResourcesBuildPhase;
			buildActionMask = 2147483647;
			files = (
			);
			runOnlyForDeploymentPostprocessing = 0;
		};
		444574A225F6A09C00F4EE05 /* Resources */ = {
			isa = PBXResourcesBuildPhase;
			buildActionMask = 2147483647;
			files = (
			);
			runOnlyForDeploymentPostprocessing = 0;
		};
/* End PBXResourcesBuildPhase section */

/* Begin PBXSourcesBuildPhase section */
		4445747F25F6A09A00F4EE05 /* Sources */ = {
			isa = PBXSourcesBuildPhase;
			buildActionMask = 2147483647;
			files = (
				4445748B25F6A09A00F4EE05 /* ViewController.swift in Sources */,
				4445748725F6A09A00F4EE05 /* AppDelegate.swift in Sources */,
				4445748925F6A09A00F4EE05 /* SceneDelegate.swift in Sources */,
			);
			runOnlyForDeploymentPostprocessing = 0;
		};
		4445749525F6A09B00F4EE05 /* Sources */ = {
			isa = PBXSourcesBuildPhase;
			buildActionMask = 2147483647;
			files = (
				4445749E25F6A09B00F4EE05 /* checkboxTests.swift in Sources */,
			);
			runOnlyForDeploymentPostprocessing = 0;
		};
		444574A025F6A09C00F4EE05 /* Sources */ = {
			isa = PBXSourcesBuildPhase;
			buildActionMask = 2147483647;
			files = (
				444574A925F6A09C00F4EE05 /* checkboxUITests.swift in Sources */,
			);
			runOnlyForDeploymentPostprocessing = 0;
		};
/* End PBXSourcesBuildPhase section */

/* Begin PBXTargetDependency section */
		4445749B25F6A09B00F4EE05 /* PBXTargetDependency */ = {
			isa = PBXTargetDependency;
			target = 4445748225F6A09A00F4EE05 /* checkbox */;
			targetProxy = 4445749A25F6A09B00F4EE05 /* PBXContainerItemProxy */;
		};
		444574A625F6A09C00F4EE05 /* PBXTargetDependency */ = {
			isa = PBXTargetDependency;
			target = 4445748225F6A09A00F4EE05 /* checkbox */;
			targetProxy = 444574A525F6A09C00F4EE05 /* PBXContainerItemProxy */;
		};
/* End PBXTargetDependency section */

/* Begin PBXVariantGroup section */
		4445748C25F6A09A00F4EE05 /* Main.storyboard */ = {
			isa = PBXVariantGroup;
			children = (
				4445748D25F6A09A00F4EE05 /* Base */,
			);
			name = Main.storyboard;
			sourceTree = "<group>";
		};
		4445749125F6A09B00F4EE05 /* LaunchScreen.storyboard */ = {
			isa = PBXVariantGroup;
			children = (
				4445749225F6A09B00F4EE05 /* Base */,
			);
			name = LaunchScreen.storyboard;
			sourceTree = "<group>";
		};
/* End PBXVariantGroup section */

/* Begin XCBuildConfiguration section */
		444574AB25F6A09C00F4EE05 /* Debug */ = {
			isa = XCBuildConfiguration;
			buildSettings = {
				ALWAYS_SEARCH_USER_PATHS = NO;
				CLANG_ANALYZER_NONNULL = YES;
				CLANG_ANALYZER_NUMBER_OBJECT_CONVERSION = YES_AGGRESSIVE;
				CLANG_CXX_LANGUAGE_STANDARD = "gnu++14";
				CLANG_CXX_LIBRARY = "libc++";
				CLANG_ENABLE_MODULES = YES;
				CLANG_ENABLE_OBJC_ARC = YES;
				CLANG_ENABLE_OBJC_WEAK = YES;
				CLANG_WARN_BLOCK_CAPTURE_AUTORELEASING = YES;
				CLANG_WARN_BOOL_CONVERSION = YES;
				CLANG_WARN_COMMA = YES;
				CLANG_WARN_CONSTANT_CONVERSION = YES;
				CLANG_WARN_DEPRECATED_OBJC_IMPLEMENTATIONS = YES;
				CLANG_WARN_DIRECT_OBJC_ISA_USAGE = YES_ERROR;
				CLANG_WARN_DOCUMENTATION_COMMENTS = YES;
				CLANG_WARN_EMPTY_BODY = YES;
				CLANG_WARN_ENUM_CONVERSION = YES;
				CLANG_WARN_INFINITE_RECURSION = YES;
				CLANG_WARN_INT_CONVERSION = YES;
				CLANG_WARN_NON_LITERAL_NULL_CONVERSION = YES;
				CLANG_WARN_OBJC_IMPLICIT_RETAIN_SELF = YES;
				CLANG_WARN_OBJC_LITERAL_CONVERSION = YES;
				CLANG_WARN_OBJC_ROOT_CLASS = YES_ERROR;
				CLANG_WARN_QUOTED_INCLUDE_IN_FRAMEWORK_HEADER = YES;
				CLANG_WARN_RANGE_LOOP_ANALYSIS = YES;
				CLANG_WARN_STRICT_PROTOTYPES = YES;
				CLANG_WARN_SUSPICIOUS_MOVE = YES;
				CLANG_WARN_UNGUARDED_AVAILABILITY = YES_AGGRESSIVE;
				CLANG_WARN_UNREACHABLE_CODE = YES;
				CLANG_WARN__DUPLICATE_METHOD_MATCH = YES;
				COPY_PHASE_STRIP = NO;
				DEBUG_INFORMATION_FORMAT = dwarf;
				ENABLE_STRICT_OBJC_MSGSEND = YES;
				ENABLE_TESTABILITY = YES;
				GCC_C_LANGUAGE_STANDARD = gnu11;
				GCC_DYNAMIC_NO_PIC = NO;
				GCC_NO_COMMON_BLOCKS = YES;
				GCC_OPTIMIZATION_LEVEL = 0;
				GCC_PREPROCESSOR_DEFINITIONS = (
					"DEBUG=1",
					"$(inherited)",
				);
				GCC_WARN_64_TO_32_BIT_CONVERSION = YES;
				GCC_WARN_ABOUT_RETURN_TYPE = YES_ERROR;
				GCC_WARN_UNDECLARED_SELECTOR = YES;
				GCC_WARN_UNINITIALIZED_AUTOS = YES_AGGRESSIVE;
				GCC_WARN_UNUSED_FUNCTION = YES;
				GCC_WARN_UNUSED_VARIABLE = YES;
				IPHONEOS_DEPLOYMENT_TARGET = 14.4;
				MTL_ENABLE_DEBUG_INFO = INCLUDE_SOURCE;
				MTL_FAST_MATH = YES;
				ONLY_ACTIVE_ARCH = YES;
				SDKROOT = iphoneos;
				SWIFT_ACTIVE_COMPILATION_CONDITIONS = DEBUG;
				SWIFT_OPTIMIZATION_LEVEL = "-Onone";
			};
			name = Debug;
		};
		444574AC25F6A09C00F4EE05 /* Release */ = {
			isa = XCBuildConfiguration;
			buildSettings = {
				ALWAYS_SEARCH_USER_PATHS = NO;
				CLANG_ANALYZER_NONNULL = YES;
				CLANG_ANALYZER_NUMBER_OBJECT_CONVERSION = YES_AGGRESSIVE;
				CLANG_CXX_LANGUAGE_STANDARD = "gnu++14";
				CLANG_CXX_LIBRARY = "libc++";
				CLANG_ENABLE_MODULES = YES;
				CLANG_ENABLE_OBJC_ARC = YES;
				CLANG_ENABLE_OBJC_WEAK = YES;
				CLANG_WARN_BLOCK_CAPTURE_AUTORELEASING = YES;
				CLANG_WARN_BOOL_CONVERSION = YES;
				CLANG_WARN_COMMA = YES;
				CLANG_WARN_CONSTANT_CONVERSION = YES;
				CLANG_WARN_DEPRECATED_OBJC_IMPLEMENTATIONS = YES;
				CLANG_WARN_DIRECT_OBJC_ISA_USAGE = YES_ERROR;
				CLANG_WARN_DOCUMENTATION_COMMENTS = YES;
				CLANG_WARN_EMPTY_BODY = YES;
				CLANG_WARN_ENUM_CONVERSION = YES;
				CLANG_WARN_INFINITE_RECURSION = YES;
				CLANG_WARN_INT_CONVERSION = YES;
				CLANG_WARN_NON_LITERAL_NULL_CONVERSION = YES;
				CLANG_WARN_OBJC_IMPLICIT_RETAIN_SELF = YES;
				CLANG_WARN_OBJC_LITERAL_CONVERSION = YES;
				CLANG_WARN_OBJC_ROOT_CLASS = YES_ERROR;
				CLANG_WARN_QUOTED_INCLUDE_IN_FRAMEWORK_HEADER = YES;
				CLANG_WARN_RANGE_LOOP_ANALYSIS = YES;
				CLANG_WARN_STRICT_PROTOTYPES = YES;
				CLANG_WARN_SUSPICIOUS_MOVE = YES;
				CLANG_WARN_UNGUARDED_AVAILABILITY = YES_AGGRESSIVE;
				CLANG_WARN_UNREACHABLE_CODE = YES;
				CLANG_WARN__DUPLICATE_METHOD_MATCH = YES;
				COPY_PHASE_STRIP = NO;
				DEBUG_INFORMATION_FORMAT = "dwarf-with-dsym";
				ENABLE_NS_ASSERTIONS = NO;
				ENABLE_STRICT_OBJC_MSGSEND = YES;
				GCC_C_LANGUAGE_STANDARD = gnu11;
				GCC_NO_COMMON_BLOCKS = YES;
				GCC_WARN_64_TO_32_BIT_CONVERSION = YES;
				GCC_WARN_ABOUT_RETURN_TYPE = YES_ERROR;
				GCC_WARN_UNDECLARED_SELECTOR = YES;
				GCC_WARN_UNINITIALIZED_AUTOS = YES_AGGRESSIVE;
				GCC_WARN_UNUSED_FUNCTION = YES;
				GCC_WARN_UNUSED_VARIABLE = YES;
				IPHONEOS_DEPLOYMENT_TARGET = 14.4;
				MTL_ENABLE_DEBUG_INFO = NO;
				MTL_FAST_MATH = YES;
				SDKROOT = iphoneos;
				SWIFT_COMPILATION_MODE = wholemodule;
				SWIFT_OPTIMIZATION_LEVEL = "-O";
				VALIDATE_PRODUCT = YES;
			};
			name = Release;
		};
		444574AE25F6A09C00F4EE05 /* Debug */ = {
			isa = XCBuildConfiguration;
			buildSettings = {
				ASSETCATALOG_COMPILER_APPICON_NAME = AppIcon;
				ASSETCATALOG_COMPILER_GLOBAL_ACCENT_COLOR_NAME = AccentColor;
				CODE_SIGN_STYLE = Automatic;
				INFOPLIST_FILE = checkbox/Info.plist;
				LD_RUNPATH_SEARCH_PATHS = (
					"$(inherited)",
					"@executable_path/Frameworks",
				);
				PRODUCT_BUNDLE_IDENTIFIER = com.getweys.checkbox;
				PRODUCT_NAME = "$(TARGET_NAME)";
				SWIFT_VERSION = 5.0;
				TARGETED_DEVICE_FAMILY = "1,2";
			};
			name = Debug;
		};
		444574AF25F6A09C00F4EE05 /* Release */ = {
			isa = XCBuildConfiguration;
			buildSettings = {
				ASSETCATALOG_COMPILER_APPICON_NAME = AppIcon;
				ASSETCATALOG_COMPILER_GLOBAL_ACCENT_COLOR_NAME = AccentColor;
				CODE_SIGN_STYLE = Automatic;
				INFOPLIST_FILE = checkbox/Info.plist;
				LD_RUNPATH_SEARCH_PATHS = (
					"$(inherited)",
					"@executable_path/Frameworks",
				);
				PRODUCT_BUNDLE_IDENTIFIER = com.getweys.checkbox;
				PRODUCT_NAME = "$(TARGET_NAME)";
				SWIFT_VERSION = 5.0;
				TARGETED_DEVICE_FAMILY = "1,2";
			};
			name = Release;
		};
		444574B125F6A09C00F4EE05 /* Debug */ = {
			isa = XCBuildConfiguration;
			buildSettings = {
				ALWAYS_EMBED_SWIFT_STANDARD_LIBRARIES = YES;
				BUNDLE_LOADER = "$(TEST_HOST)";
				CODE_SIGN_STYLE = Automatic;
				INFOPLIST_FILE = checkboxTests/Info.plist;
				IPHONEOS_DEPLOYMENT_TARGET = 14.4;
				LD_RUNPATH_SEARCH_PATHS = (
					"$(inherited)",
					"@executable_path/Frameworks",
					"@loader_path/Frameworks",
				);
				PRODUCT_BUNDLE_IDENTIFIER = com.getweys.checkboxTests;
				PRODUCT_NAME = "$(TARGET_NAME)";
				SWIFT_VERSION = 5.0;
				TARGETED_DEVICE_FAMILY = "1,2";
				TEST_HOST = "$(BUILT_PRODUCTS_DIR)/checkbox.app/checkbox";
			};
			name = Debug;
		};
		444574B225F6A09C00F4EE05 /* Release */ = {
			isa = XCBuildConfiguration;
			buildSettings = {
				ALWAYS_EMBED_SWIFT_STANDARD_LIBRARIES = YES;
				BUNDLE_LOADER = "$(TEST_HOST)";
				CODE_SIGN_STYLE = Automatic;
				INFOPLIST_FILE = checkboxTests/Info.plist;
				IPHONEOS_DEPLOYMENT_TARGET = 14.4;
				LD_RUNPATH_SEARCH_PATHS = (
					"$(inherited)",
					"@executable_path/Frameworks",
					"@loader_path/Frameworks",
				);
				PRODUCT_BUNDLE_IDENTIFIER = com.getweys.checkboxTests;
				PRODUCT_NAME = "$(TARGET_NAME)";
				SWIFT_VERSION = 5.0;
				TARGETED_DEVICE_FAMILY = "1,2";
				TEST_HOST = "$(BUILT_PRODUCTS_DIR)/checkbox.app/checkbox";
			};
			name = Release;
		};
		444574B425F6A09C00F4EE05 /* Debug */ = {
			isa = XCBuildConfiguration;
			buildSettings = {
				ALWAYS_EMBED_SWIFT_STANDARD_LIBRARIES = YES;
				CODE_SIGN_STYLE = Automatic;
				INFOPLIST_FILE = checkboxUITests/Info.plist;
				LD_RUNPATH_SEARCH_PATHS = (
					"$(inherited)",
					"@executable_path/Frameworks",
					"@loader_path/Frameworks",
				);
				PRODUCT_BUNDLE_IDENTIFIER = com.getweys.checkboxUITests;
				PRODUCT_NAME = "$(TARGET_NAME)";
				SWIFT_VERSION = 5.0;
				TARGETED_DEVICE_FAMILY = "1,2";
				TEST_TARGET_NAME = checkbox;
			};
			name = Debug;
		};
		444574B525F6A09C00F4EE05 /* Release */ = {
			isa = XCBuildConfiguration;
			buildSettings = {
				ALWAYS_EMBED_SWIFT_STANDARD_LIBRARIES = YES;
				CODE_SIGN_STYLE = Automatic;
				INFOPLIST_FILE = checkboxUITests/Info.plist;
				LD_RUNPATH_SEARCH_PATHS = (
					"$(inherited)",
					"@executable_path/Frameworks",
					"@loader_path/Frameworks",
				);
				PRODUCT_BUNDLE_IDENTIFIER = com.getweys.checkboxUITests;
				PRODUCT_NAME = "$(TARGET_NAME)";
				SWIFT_VERSION = 5.0;
				TARGETED_DEVICE_FAMILY = "1,2";
				TEST_TARGET_NAME = checkbox;
			};
			name = Release;
		};
/* End XCBuildConfiguration section */

/* Begin XCConfigurationList section */
		4445747E25F6A09A00F4EE05 /* Build configuration list for PBXProject "checkbox" */ = {
			isa = XCConfigurationList;
			buildConfigurations = (
				444574AB25F6A09C00F4EE05 /* Debug */,
				444574AC25F6A09C00F4EE05 /* Release */,
			);
			defaultConfigurationIsVisible = 0;
			defaultConfigurationName = Release;
		};
		444574AD25F6A09C00F4EE05 /* Build configuration list for PBXNativeTarget "checkbox" */ = {
			isa = XCConfigurationList;
			buildConfigurations = (
				444574AE25F6A09C00F4EE05 /* Debug */,
				444574AF25F6A09C00F4EE05 /* Release */,
			);
			defaultConfigurationIsVisible = 0;
			defaultConfigurationName = Release;
		};
		444574B025F6A09C00F4EE05 /* Build configuration list for PBXNativeTarget "checkboxTests" */ = {
			isa = XCConfigurationList;
			buildConfigurations = (
				444574B125F6A09C00F4EE05 /* Debug */,
				444574B225F6A09C00F4EE05 /* Release */,
			);
			defaultConfigurationIsVisible = 0;
			defaultConfigurationName = Release;
		};
		444574B325F6A09C00F4EE05 /* Build configuration list for PBXNativeTarget "checkboxUITests" */ = {
			isa = XCConfigurationList;
			buildConfigurations = (
				444574B425F6A09C00F4EE05 /* Debug */,
				444574B525F6A09C00F4EE05 /* Release */,
			);
			defaultConfigurationIsVisible = 0;
			defaultConfigurationName = Release;
		};
/* End XCConfigurationList section */
	};
	rootObject = 4445747B25F6A09A00F4EE05 /* Project object */;
}
