// !$*UTF8*$!
{
	archiveVersion = 1;
	classes = {
	};
	objectVersion = 50;
	objects = {

/* Begin PBXBuildFile section */
		4409C51625EE886900720A65 /* AppDelegate.swift in Sources */ = {isa = PBXBuildFile; fileRef = 4409C51525EE886900720A65 /* AppDelegate.swift */; };
		4409C51825EE886900720A65 /* SceneDelegate.swift in Sources */ = {isa = PBXBuildFile; fileRef = 4409C51725EE886900720A65 /* SceneDelegate.swift */; };
		4409C51A25EE886900720A65 /* ViewController.swift in Sources */ = {isa = PBXBuildFile; fileRef = 4409C51925EE886900720A65 /* ViewController.swift */; };
		4409C51D25EE886900720A65 /* Main.storyboard in Resources */ = {isa = PBXBuildFile; fileRef = 4409C51B25EE886900720A65 /* Main.storyboard */; };
		4409C51F25EE886A00720A65 /* Assets.xcassets in Resources */ = {isa = PBXBuildFile; fileRef = 4409C51E25EE886A00720A65 /* Assets.xcassets */; };
		4409C52225EE886A00720A65 /* LaunchScreen.storyboard in Resources */ = {isa = PBXBuildFile; fileRef = 4409C52025EE886A00720A65 /* LaunchScreen.storyboard */; };
		4409C52D25EE886A00720A65 /* validationsTests.swift in Sources */ = {isa = PBXBuildFile; fileRef = 4409C52C25EE886A00720A65 /* validationsTests.swift */; };
		4409C53825EE886A00720A65 /* validationsUITests.swift in Sources */ = {isa = PBXBuildFile; fileRef = 4409C53725EE886A00720A65 /* validationsUITests.swift */; };
/* End PBXBuildFile section */

/* Begin PBXContainerItemProxy section */
		4409C52925EE886A00720A65 /* PBXContainerItemProxy */ = {
			isa = PBXContainerItemProxy;
			containerPortal = 4409C50A25EE886900720A65 /* Project object */;
			proxyType = 1;
			remoteGlobalIDString = 4409C51125EE886900720A65;
			remoteInfo = validations;
		};
		4409C53425EE886A00720A65 /* PBXContainerItemProxy */ = {
			isa = PBXContainerItemProxy;
			containerPortal = 4409C50A25EE886900720A65 /* Project object */;
			proxyType = 1;
			remoteGlobalIDString = 4409C51125EE886900720A65;
			remoteInfo = validations;
		};
/* End PBXContainerItemProxy section */

/* Begin PBXFileReference section */
		4409C51225EE886900720A65 /* validations.app */ = {isa = PBXFileReference; explicitFileType = wrapper.application; includeInIndex = 0; path = validations.app; sourceTree = BUILT_PRODUCTS_DIR; };
		4409C51525EE886900720A65 /* AppDelegate.swift */ = {isa = PBXFileReference; lastKnownFileType = sourcecode.swift; path = AppDelegate.swift; sourceTree = "<group>"; };
		4409C51725EE886900720A65 /* SceneDelegate.swift */ = {isa = PBXFileReference; lastKnownFileType = sourcecode.swift; path = SceneDelegate.swift; sourceTree = "<group>"; };
		4409C51925EE886900720A65 /* ViewController.swift */ = {isa = PBXFileReference; lastKnownFileType = sourcecode.swift; path = ViewController.swift; sourceTree = "<group>"; };
		4409C51C25EE886900720A65 /* Base */ = {isa = PBXFileReference; lastKnownFileType = file.storyboard; name = Base; path = Base.lproj/Main.storyboard; sourceTree = "<group>"; };
		4409C51E25EE886A00720A65 /* Assets.xcassets */ = {isa = PBXFileReference; lastKnownFileType = folder.assetcatalog; path = Assets.xcassets; sourceTree = "<group>"; };
		4409C52125EE886A00720A65 /* Base */ = {isa = PBXFileReference; lastKnownFileType = file.storyboard; name = Base; path = Base.lproj/LaunchScreen.storyboard; sourceTree = "<group>"; };
		4409C52325EE886A00720A65 /* Info.plist */ = {isa = PBXFileReference; lastKnownFileType = text.plist.xml; path = Info.plist; sourceTree = "<group>"; };
		4409C52825EE886A00720A65 /* validationsTests.xctest */ = {isa = PBXFileReference; explicitFileType = wrapper.cfbundle; includeInIndex = 0; path = validationsTests.xctest; sourceTree = BUILT_PRODUCTS_DIR; };
		4409C52C25EE886A00720A65 /* validationsTests.swift */ = {isa = PBXFileReference; lastKnownFileType = sourcecode.swift; path = validationsTests.swift; sourceTree = "<group>"; };
		4409C52E25EE886A00720A65 /* Info.plist */ = {isa = PBXFileReference; lastKnownFileType = text.plist.xml; path = Info.plist; sourceTree = "<group>"; };
		4409C53325EE886A00720A65 /* validationsUITests.xctest */ = {isa = PBXFileReference; explicitFileType = wrapper.cfbundle; includeInIndex = 0; path = validationsUITests.xctest; sourceTree = BUILT_PRODUCTS_DIR; };
		4409C53725EE886A00720A65 /* validationsUITests.swift */ = {isa = PBXFileReference; lastKnownFileType = sourcecode.swift; path = validationsUITests.swift; sourceTree = "<group>"; };
		4409C53925EE886A00720A65 /* Info.plist */ = {isa = PBXFileReference; lastKnownFileType = text.plist.xml; path = Info.plist; sourceTree = "<group>"; };
/* End PBXFileReference section */

/* Begin PBXFrameworksBuildPhase section */
		4409C50F25EE886900720A65 /* Frameworks */ = {
			isa = PBXFrameworksBuildPhase;
			buildActionMask = 2147483647;
			files = (
			);
			runOnlyForDeploymentPostprocessing = 0;
		};
		4409C52525EE886A00720A65 /* Frameworks */ = {
			isa = PBXFrameworksBuildPhase;
			buildActionMask = 2147483647;
			files = (
			);
			runOnlyForDeploymentPostprocessing = 0;
		};
		4409C53025EE886A00720A65 /* Frameworks */ = {
			isa = PBXFrameworksBuildPhase;
			buildActionMask = 2147483647;
			files = (
			);
			runOnlyForDeploymentPostprocessing = 0;
		};
/* End PBXFrameworksBuildPhase section */

/* Begin PBXGroup section */
		4409C50925EE886900720A65 = {
			isa = PBXGroup;
			children = (
				4409C51425EE886900720A65 /* validations */,
				4409C52B25EE886A00720A65 /* validationsTests */,
				4409C53625EE886A00720A65 /* validationsUITests */,
				4409C51325EE886900720A65 /* Products */,
			);
			sourceTree = "<group>";
		};
		4409C51325EE886900720A65 /* Products */ = {
			isa = PBXGroup;
			children = (
				4409C51225EE886900720A65 /* validations.app */,
				4409C52825EE886A00720A65 /* validationsTests.xctest */,
				4409C53325EE886A00720A65 /* validationsUITests.xctest */,
			);
			name = Products;
			sourceTree = "<group>";
		};
		4409C51425EE886900720A65 /* validations */ = {
			isa = PBXGroup;
			children = (
				4409C51525EE886900720A65 /* AppDelegate.swift */,
				4409C51725EE886900720A65 /* SceneDelegate.swift */,
				4409C51925EE886900720A65 /* ViewController.swift */,
				4409C51B25EE886900720A65 /* Main.storyboard */,
				4409C51E25EE886A00720A65 /* Assets.xcassets */,
				4409C52025EE886A00720A65 /* LaunchScreen.storyboard */,
				4409C52325EE886A00720A65 /* Info.plist */,
			);
			path = validations;
			sourceTree = "<group>";
		};
		4409C52B25EE886A00720A65 /* validationsTests */ = {
			isa = PBXGroup;
			children = (
				4409C52C25EE886A00720A65 /* validationsTests.swift */,
				4409C52E25EE886A00720A65 /* Info.plist */,
			);
			path = validationsTests;
			sourceTree = "<group>";
		};
		4409C53625EE886A00720A65 /* validationsUITests */ = {
			isa = PBXGroup;
			children = (
				4409C53725EE886A00720A65 /* validationsUITests.swift */,
				4409C53925EE886A00720A65 /* Info.plist */,
			);
			path = validationsUITests;
			sourceTree = "<group>";
		};
/* End PBXGroup section */

/* Begin PBXNativeTarget section */
		4409C51125EE886900720A65 /* validations */ = {
			isa = PBXNativeTarget;
			buildConfigurationList = 4409C53C25EE886A00720A65 /* Build configuration list for PBXNativeTarget "validations" */;
			buildPhases = (
				4409C50E25EE886900720A65 /* Sources */,
				4409C50F25EE886900720A65 /* Frameworks */,
				4409C51025EE886900720A65 /* Resources */,
			);
			buildRules = (
			);
			dependencies = (
			);
			name = validations;
			productName = validations;
			productReference = 4409C51225EE886900720A65 /* validations.app */;
			productType = "com.apple.product-type.application";
		};
		4409C52725EE886A00720A65 /* validationsTests */ = {
			isa = PBXNativeTarget;
			buildConfigurationList = 4409C53F25EE886A00720A65 /* Build configuration list for PBXNativeTarget "validationsTests" */;
			buildPhases = (
				4409C52425EE886A00720A65 /* Sources */,
				4409C52525EE886A00720A65 /* Frameworks */,
				4409C52625EE886A00720A65 /* Resources */,
			);
			buildRules = (
			);
			dependencies = (
				4409C52A25EE886A00720A65 /* PBXTargetDependency */,
			);
			name = validationsTests;
			productName = validationsTests;
			productReference = 4409C52825EE886A00720A65 /* validationsTests.xctest */;
			productType = "com.apple.product-type.bundle.unit-test";
		};
		4409C53225EE886A00720A65 /* validationsUITests */ = {
			isa = PBXNativeTarget;
			buildConfigurationList = 4409C54225EE886A00720A65 /* Build configuration list for PBXNativeTarget "validationsUITests" */;
			buildPhases = (
				4409C52F25EE886A00720A65 /* Sources */,
				4409C53025EE886A00720A65 /* Frameworks */,
				4409C53125EE886A00720A65 /* Resources */,
			);
			buildRules = (
			);
			dependencies = (
				4409C53525EE886A00720A65 /* PBXTargetDependency */,
			);
			name = validationsUITests;
			productName = validationsUITests;
			productReference = 4409C53325EE886A00720A65 /* validationsUITests.xctest */;
			productType = "com.apple.product-type.bundle.ui-testing";
		};
/* End PBXNativeTarget section */

/* Begin PBXProject section */
		4409C50A25EE886900720A65 /* Project object */ = {
			isa = PBXProject;
			attributes = {
				LastSwiftUpdateCheck = 1240;
				LastUpgradeCheck = 1240;
				TargetAttributes = {
					4409C51125EE886900720A65 = {
						CreatedOnToolsVersion = 12.4;
					};
					4409C52725EE886A00720A65 = {
						CreatedOnToolsVersion = 12.4;
						TestTargetID = 4409C51125EE886900720A65;
					};
					4409C53225EE886A00720A65 = {
						CreatedOnToolsVersion = 12.4;
						TestTargetID = 4409C51125EE886900720A65;
					};
				};
			};
			buildConfigurationList = 4409C50D25EE886900720A65 /* Build configuration list for PBXProject "validations" */;
			compatibilityVersion = "Xcode 9.3";
			developmentRegion = en;
			hasScannedForEncodings = 0;
			knownRegions = (
				en,
				Base,
			);
			mainGroup = 4409C50925EE886900720A65;
			productRefGroup = 4409C51325EE886900720A65 /* Products */;
			projectDirPath = "";
			projectRoot = "";
			targets = (
				4409C51125EE886900720A65 /* validations */,
				4409C52725EE886A00720A65 /* validationsTests */,
				4409C53225EE886A00720A65 /* validationsUITests */,
			);
		};
/* End PBXProject section */

/* Begin PBXResourcesBuildPhase section */
		4409C51025EE886900720A65 /* Resources */ = {
			isa = PBXResourcesBuildPhase;
			buildActionMask = 2147483647;
			files = (
				4409C52225EE886A00720A65 /* LaunchScreen.storyboard in Resources */,
				4409C51F25EE886A00720A65 /* Assets.xcassets in Resources */,
				4409C51D25EE886900720A65 /* Main.storyboard in Resources */,
			);
			runOnlyForDeploymentPostprocessing = 0;
		};
		4409C52625EE886A00720A65 /* Resources */ = {
			isa = PBXResourcesBuildPhase;
			buildActionMask = 2147483647;
			files = (
			);
			runOnlyForDeploymentPostprocessing = 0;
		};
		4409C53125EE886A00720A65 /* Resources */ = {
			isa = PBXResourcesBuildPhase;
			buildActionMask = 2147483647;
			files = (
			);
			runOnlyForDeploymentPostprocessing = 0;
		};
/* End PBXResourcesBuildPhase section */

/* Begin PBXSourcesBuildPhase section */
		4409C50E25EE886900720A65 /* Sources */ = {
			isa = PBXSourcesBuildPhase;
			buildActionMask = 2147483647;
			files = (
				4409C51A25EE886900720A65 /* ViewController.swift in Sources */,
				4409C51625EE886900720A65 /* AppDelegate.swift in Sources */,
				4409C51825EE886900720A65 /* SceneDelegate.swift in Sources */,
			);
			runOnlyForDeploymentPostprocessing = 0;
		};
		4409C52425EE886A00720A65 /* Sources */ = {
			isa = PBXSourcesBuildPhase;
			buildActionMask = 2147483647;
			files = (
				4409C52D25EE886A00720A65 /* validationsTests.swift in Sources */,
			);
			runOnlyForDeploymentPostprocessing = 0;
		};
		4409C52F25EE886A00720A65 /* Sources */ = {
			isa = PBXSourcesBuildPhase;
			buildActionMask = 2147483647;
			files = (
				4409C53825EE886A00720A65 /* validationsUITests.swift in Sources */,
			);
			runOnlyForDeploymentPostprocessing = 0;
		};
/* End PBXSourcesBuildPhase section */

/* Begin PBXTargetDependency section */
		4409C52A25EE886A00720A65 /* PBXTargetDependency */ = {
			isa = PBXTargetDependency;
			target = 4409C51125EE886900720A65 /* validations */;
			targetProxy = 4409C52925EE886A00720A65 /* PBXContainerItemProxy */;
		};
		4409C53525EE886A00720A65 /* PBXTargetDependency */ = {
			isa = PBXTargetDependency;
			target = 4409C51125EE886900720A65 /* validations */;
			targetProxy = 4409C53425EE886A00720A65 /* PBXContainerItemProxy */;
		};
/* End PBXTargetDependency section */

/* Begin PBXVariantGroup section */
		4409C51B25EE886900720A65 /* Main.storyboard */ = {
			isa = PBXVariantGroup;
			children = (
				4409C51C25EE886900720A65 /* Base */,
			);
			name = Main.storyboard;
			sourceTree = "<group>";
		};
		4409C52025EE886A00720A65 /* LaunchScreen.storyboard */ = {
			isa = PBXVariantGroup;
			children = (
				4409C52125EE886A00720A65 /* Base */,
			);
			name = LaunchScreen.storyboard;
			sourceTree = "<group>";
		};
/* End PBXVariantGroup section */

/* Begin XCBuildConfiguration section */
		4409C53A25EE886A00720A65 /* Debug */ = {
			isa = XCBuildConfiguration;
			buildSettings = {
				ALWAYS_SEARCH_USER_PATHS = NO;
				CLANG_ANALYZER_NONNULL = YES;
				CLANG_ANALYZER_NUMBER_OBJECT_CONVERSION = YES_AGGRESSIVE;
				CLANG_CXX_LANGUAGE_STANDARD = "gnu++14";
				CLANG_CXX_LIBRARY = "libc++";
				CLANG_ENABLE_MODULES = YES;
				CLANG_ENABLE_OBJC_ARC = YES;
				CLANG_ENABLE_OBJC_WEAK = YES;
				CLANG_WARN_BLOCK_CAPTURE_AUTORELEASING = YES;
				CLANG_WARN_BOOL_CONVERSION = YES;
				CLANG_WARN_COMMA = YES;
				CLANG_WARN_CONSTANT_CONVERSION = YES;
				CLANG_WARN_DEPRECATED_OBJC_IMPLEMENTATIONS = YES;
				CLANG_WARN_DIRECT_OBJC_ISA_USAGE = YES_ERROR;
				CLANG_WARN_DOCUMENTATION_COMMENTS = YES;
				CLANG_WARN_EMPTY_BODY = YES;
				CLANG_WARN_ENUM_CONVERSION = YES;
				CLANG_WARN_INFINITE_RECURSION = YES;
				CLANG_WARN_INT_CONVERSION = YES;
				CLANG_WARN_NON_LITERAL_NULL_CONVERSION = YES;
				CLANG_WARN_OBJC_IMPLICIT_RETAIN_SELF = YES;
				CLANG_WARN_OBJC_LITERAL_CONVERSION = YES;
				CLANG_WARN_OBJC_ROOT_CLASS = YES_ERROR;
				CLANG_WARN_QUOTED_INCLUDE_IN_FRAMEWORK_HEADER = YES;
				CLANG_WARN_RANGE_LOOP_ANALYSIS = YES;
				CLANG_WARN_STRICT_PROTOTYPES = YES;
				CLANG_WARN_SUSPICIOUS_MOVE = YES;
				CLANG_WARN_UNGUARDED_AVAILABILITY = YES_AGGRESSIVE;
				CLANG_WARN_UNREACHABLE_CODE = YES;
				CLANG_WARN__DUPLICATE_METHOD_MATCH = YES;
				COPY_PHASE_STRIP = NO;
				DEBUG_INFORMATION_FORMAT = dwarf;
				ENABLE_STRICT_OBJC_MSGSEND = YES;
				ENABLE_TESTABILITY = YES;
				GCC_C_LANGUAGE_STANDARD = gnu11;
				GCC_DYNAMIC_NO_PIC = NO;
				GCC_NO_COMMON_BLOCKS = YES;
				GCC_OPTIMIZATION_LEVEL = 0;
				GCC_PREPROCESSOR_DEFINITIONS = (
					"DEBUG=1",
					"$(inherited)",
				);
				GCC_WARN_64_TO_32_BIT_CONVERSION = YES;
				GCC_WARN_ABOUT_RETURN_TYPE = YES_ERROR;
				GCC_WARN_UNDECLARED_SELECTOR = YES;
				GCC_WARN_UNINITIALIZED_AUTOS = YES_AGGRESSIVE;
				GCC_WARN_UNUSED_FUNCTION = YES;
				GCC_WARN_UNUSED_VARIABLE = YES;
				IPHONEOS_DEPLOYMENT_TARGET = 14.4;
				MTL_ENABLE_DEBUG_INFO = INCLUDE_SOURCE;
				MTL_FAST_MATH = YES;
				ONLY_ACTIVE_ARCH = YES;
				SDKROOT = iphoneos;
				SWIFT_ACTIVE_COMPILATION_CONDITIONS = DEBUG;
				SWIFT_OPTIMIZATION_LEVEL = "-Onone";
			};
			name = Debug;
		};
		4409C53B25EE886A00720A65 /* Release */ = {
			isa = XCBuildConfiguration;
			buildSettings = {
				ALWAYS_SEARCH_USER_PATHS = NO;
				CLANG_ANALYZER_NONNULL = YES;
				CLANG_ANALYZER_NUMBER_OBJECT_CONVERSION = YES_AGGRESSIVE;
				CLANG_CXX_LANGUAGE_STANDARD = "gnu++14";
				CLANG_CXX_LIBRARY = "libc++";
				CLANG_ENABLE_MODULES = YES;
				CLANG_ENABLE_OBJC_ARC = YES;
				CLANG_ENABLE_OBJC_WEAK = YES;
				CLANG_WARN_BLOCK_CAPTURE_AUTORELEASING = YES;
				CLANG_WARN_BOOL_CONVERSION = YES;
				CLANG_WARN_COMMA = YES;
				CLANG_WARN_CONSTANT_CONVERSION = YES;
				CLANG_WARN_DEPRECATED_OBJC_IMPLEMENTATIONS = YES;
				CLANG_WARN_DIRECT_OBJC_ISA_USAGE = YES_ERROR;
				CLANG_WARN_DOCUMENTATION_COMMENTS = YES;
				CLANG_WARN_EMPTY_BODY = YES;
				CLANG_WARN_ENUM_CONVERSION = YES;
				CLANG_WARN_INFINITE_RECURSION = YES;
				CLANG_WARN_INT_CONVERSION = YES;
				CLANG_WARN_NON_LITERAL_NULL_CONVERSION = YES;
				CLANG_WARN_OBJC_IMPLICIT_RETAIN_SELF = YES;
				CLANG_WARN_OBJC_LITERAL_CONVERSION = YES;
				CLANG_WARN_OBJC_ROOT_CLASS = YES_ERROR;
				CLANG_WARN_QUOTED_INCLUDE_IN_FRAMEWORK_HEADER = YES;
				CLANG_WARN_RANGE_LOOP_ANALYSIS = YES;
				CLANG_WARN_STRICT_PROTOTYPES = YES;
				CLANG_WARN_SUSPICIOUS_MOVE = YES;
				CLANG_WARN_UNGUARDED_AVAILABILITY = YES_AGGRESSIVE;
				CLANG_WARN_UNREACHABLE_CODE = YES;
				CLANG_WARN__DUPLICATE_METHOD_MATCH = YES;
				COPY_PHASE_STRIP = NO;
				DEBUG_INFORMATION_FORMAT = "dwarf-with-dsym";
				ENABLE_NS_ASSERTIONS = NO;
				ENABLE_STRICT_OBJC_MSGSEND = YES;
				GCC_C_LANGUAGE_STANDARD = gnu11;
				GCC_NO_COMMON_BLOCKS = YES;
				GCC_WARN_64_TO_32_BIT_CONVERSION = YES;
				GCC_WARN_ABOUT_RETURN_TYPE = YES_ERROR;
				GCC_WARN_UNDECLARED_SELECTOR = YES;
				GCC_WARN_UNINITIALIZED_AUTOS = YES_AGGRESSIVE;
				GCC_WARN_UNUSED_FUNCTION = YES;
				GCC_WARN_UNUSED_VARIABLE = YES;
				IPHONEOS_DEPLOYMENT_TARGET = 14.4;
				MTL_ENABLE_DEBUG_INFO = NO;
				MTL_FAST_MATH = YES;
				SDKROOT = iphoneos;
				SWIFT_COMPILATION_MODE = wholemodule;
				SWIFT_OPTIMIZATION_LEVEL = "-O";
				VALIDATE_PRODUCT = YES;
			};
			name = Release;
		};
		4409C53D25EE886A00720A65 /* Debug */ = {
			isa = XCBuildConfiguration;
			buildSettings = {
				ASSETCATALOG_COMPILER_APPICON_NAME = AppIcon;
				ASSETCATALOG_COMPILER_GLOBAL_ACCENT_COLOR_NAME = AccentColor;
				CODE_SIGN_STYLE = Automatic;
				INFOPLIST_FILE = validations/Info.plist;
				LD_RUNPATH_SEARCH_PATHS = (
					"$(inherited)",
					"@executable_path/Frameworks",
				);
				PRODUCT_BUNDLE_IDENTIFIER = com.getweys.validations;
				PRODUCT_NAME = "$(TARGET_NAME)";
				SWIFT_VERSION = 5.0;
				TARGETED_DEVICE_FAMILY = "1,2";
			};
			name = Debug;
		};
		4409C53E25EE886A00720A65 /* Release */ = {
			isa = XCBuildConfiguration;
			buildSettings = {
				ASSETCATALOG_COMPILER_APPICON_NAME = AppIcon;
				ASSETCATALOG_COMPILER_GLOBAL_ACCENT_COLOR_NAME = AccentColor;
				CODE_SIGN_STYLE = Automatic;
				INFOPLIST_FILE = validations/Info.plist;
				LD_RUNPATH_SEARCH_PATHS = (
					"$(inherited)",
					"@executable_path/Frameworks",
				);
				PRODUCT_BUNDLE_IDENTIFIER = com.getweys.validations;
				PRODUCT_NAME = "$(TARGET_NAME)";
				SWIFT_VERSION = 5.0;
				TARGETED_DEVICE_FAMILY = "1,2";
			};
			name = Release;
		};
		4409C54025EE886A00720A65 /* Debug */ = {
			isa = XCBuildConfiguration;
			buildSettings = {
				ALWAYS_EMBED_SWIFT_STANDARD_LIBRARIES = YES;
				BUNDLE_LOADER = "$(TEST_HOST)";
				CODE_SIGN_STYLE = Automatic;
				INFOPLIST_FILE = validationsTests/Info.plist;
				IPHONEOS_DEPLOYMENT_TARGET = 14.4;
				LD_RUNPATH_SEARCH_PATHS = (
					"$(inherited)",
					"@executable_path/Frameworks",
					"@loader_path/Frameworks",
				);
				PRODUCT_BUNDLE_IDENTIFIER = com.getweys.validationsTests;
				PRODUCT_NAME = "$(TARGET_NAME)";
				SWIFT_VERSION = 5.0;
				TARGETED_DEVICE_FAMILY = "1,2";
				TEST_HOST = "$(BUILT_PRODUCTS_DIR)/validations.app/validations";
			};
			name = Debug;
		};
		4409C54125EE886A00720A65 /* Release */ = {
			isa = XCBuildConfiguration;
			buildSettings = {
				ALWAYS_EMBED_SWIFT_STANDARD_LIBRARIES = YES;
				BUNDLE_LOADER = "$(TEST_HOST)";
				CODE_SIGN_STYLE = Automatic;
				INFOPLIST_FILE = validationsTests/Info.plist;
				IPHONEOS_DEPLOYMENT_TARGET = 14.4;
				LD_RUNPATH_SEARCH_PATHS = (
					"$(inherited)",
					"@executable_path/Frameworks",
					"@loader_path/Frameworks",
				);
				PRODUCT_BUNDLE_IDENTIFIER = com.getweys.validationsTests;
				PRODUCT_NAME = "$(TARGET_NAME)";
				SWIFT_VERSION = 5.0;
				TARGETED_DEVICE_FAMILY = "1,2";
				TEST_HOST = "$(BUILT_PRODUCTS_DIR)/validations.app/validations";
			};
			name = Release;
		};
		4409C54325EE886A00720A65 /* Debug */ = {
			isa = XCBuildConfiguration;
			buildSettings = {
				ALWAYS_EMBED_SWIFT_STANDARD_LIBRARIES = YES;
				CODE_SIGN_STYLE = Automatic;
				INFOPLIST_FILE = validationsUITests/Info.plist;
				LD_RUNPATH_SEARCH_PATHS = (
					"$(inherited)",
					"@executable_path/Frameworks",
					"@loader_path/Frameworks",
				);
				PRODUCT_BUNDLE_IDENTIFIER = com.getweys.validationsUITests;
				PRODUCT_NAME = "$(TARGET_NAME)";
				SWIFT_VERSION = 5.0;
				TARGETED_DEVICE_FAMILY = "1,2";
				TEST_TARGET_NAME = validations;
			};
			name = Debug;
		};
		4409C54425EE886A00720A65 /* Release */ = {
			isa = XCBuildConfiguration;
			buildSettings = {
				ALWAYS_EMBED_SWIFT_STANDARD_LIBRARIES = YES;
				CODE_SIGN_STYLE = Automatic;
				INFOPLIST_FILE = validationsUITests/Info.plist;
				LD_RUNPATH_SEARCH_PATHS = (
					"$(inherited)",
					"@executable_path/Frameworks",
					"@loader_path/Frameworks",
				);
				PRODUCT_BUNDLE_IDENTIFIER = com.getweys.validationsUITests;
				PRODUCT_NAME = "$(TARGET_NAME)";
				SWIFT_VERSION = 5.0;
				TARGETED_DEVICE_FAMILY = "1,2";
				TEST_TARGET_NAME = validations;
			};
			name = Release;
		};
/* End XCBuildConfiguration section */

/* Begin XCConfigurationList section */
		4409C50D25EE886900720A65 /* Build configuration list for PBXProject "validations" */ = {
			isa = XCConfigurationList;
			buildConfigurations = (
				4409C53A25EE886A00720A65 /* Debug */,
				4409C53B25EE886A00720A65 /* Release */,
			);
			defaultConfigurationIsVisible = 0;
			defaultConfigurationName = Release;
		};
		4409C53C25EE886A00720A65 /* Build configuration list for PBXNativeTarget "validations" */ = {
			isa = XCConfigurationList;
			buildConfigurations = (
				4409C53D25EE886A00720A65 /* Debug */,
				4409C53E25EE886A00720A65 /* Release */,
			);
			defaultConfigurationIsVisible = 0;
			defaultConfigurationName = Release;
		};
		4409C53F25EE886A00720A65 /* Build configuration list for PBXNativeTarget "validationsTests" */ = {
			isa = XCConfigurationList;
			buildConfigurations = (
				4409C54025EE886A00720A65 /* Debug */,
				4409C54125EE886A00720A65 /* Release */,
			);
			defaultConfigurationIsVisible = 0;
			defaultConfigurationName = Release;
		};
		4409C54225EE886A00720A65 /* Build configuration list for PBXNativeTarget "validationsUITests" */ = {
			isa = XCConfigurationList;
			buildConfigurations = (
				4409C54325EE886A00720A65 /* Debug */,
				4409C54425EE886A00720A65 /* Release */,
			);
			defaultConfigurationIsVisible = 0;
			defaultConfigurationName = Release;
		};
/* End XCConfigurationList section */
	};
	rootObject = 4409C50A25EE886900720A65 /* Project object */;
}
