// !$*UTF8*$!
{
	archiveVersion = 1;
	classes = {
	};
	objectVersion = 50;
	objects = {

/* Begin PBXBuildFile section */
		44CEA16425ED6208002A6F4F /* AppDelegate.swift in Sources */ = {isa = PBXBuildFile; fileRef = 44CEA16325ED6208002A6F4F /* AppDelegate.swift */; };
		44CEA16625ED6208002A6F4F /* SceneDelegate.swift in Sources */ = {isa = PBXBuildFile; fileRef = 44CEA16525ED6208002A6F4F /* SceneDelegate.swift */; };
		44CEA16825ED6208002A6F4F /* ViewController.swift in Sources */ = {isa = PBXBuildFile; fileRef = 44CEA16725ED6208002A6F4F /* ViewController.swift */; };
		44CEA16B25ED6208002A6F4F /* Main.storyboard in Resources */ = {isa = PBXBuildFile; fileRef = 44CEA16925ED6208002A6F4F /* Main.storyboard */; };
		44CEA16D25ED6209002A6F4F /* Assets.xcassets in Resources */ = {isa = PBXBuildFile; fileRef = 44CEA16C25ED6209002A6F4F /* Assets.xcassets */; };
		44CEA17025ED6209002A6F4F /* LaunchScreen.storyboard in Resources */ = {isa = PBXBuildFile; fileRef = 44CEA16E25ED6209002A6F4F /* LaunchScreen.storyboard */; };
		44CEA17B25ED620A002A6F4F /* swiftyswitchTests.swift in Sources */ = {isa = PBXBuildFile; fileRef = 44CEA17A25ED620A002A6F4F /* swiftyswitchTests.swift */; };
		44CEA18625ED620A002A6F4F /* swiftyswitchUITests.swift in Sources */ = {isa = PBXBuildFile; fileRef = 44CEA18525ED620A002A6F4F /* swiftyswitchUITests.swift */; };
/* End PBXBuildFile section */

/* Begin PBXContainerItemProxy section */
		44CEA17725ED620A002A6F4F /* PBXContainerItemProxy */ = {
			isa = PBXContainerItemProxy;
			containerPortal = 44CEA15825ED6208002A6F4F /* Project object */;
			proxyType = 1;
			remoteGlobalIDString = 44CEA15F25ED6208002A6F4F;
			remoteInfo = swiftyswitch;
		};
		44CEA18225ED620A002A6F4F /* PBXContainerItemProxy */ = {
			isa = PBXContainerItemProxy;
			containerPortal = 44CEA15825ED6208002A6F4F /* Project object */;
			proxyType = 1;
			remoteGlobalIDString = 44CEA15F25ED6208002A6F4F;
			remoteInfo = swiftyswitch;
		};
/* End PBXContainerItemProxy section */

/* Begin PBXFileReference section */
		44CEA16025ED6208002A6F4F /* swiftyswitch.app */ = {isa = PBXFileReference; explicitFileType = wrapper.application; includeInIndex = 0; path = swiftyswitch.app; sourceTree = BUILT_PRODUCTS_DIR; };
		44CEA16325ED6208002A6F4F /* AppDelegate.swift */ = {isa = PBXFileReference; lastKnownFileType = sourcecode.swift; path = AppDelegate.swift; sourceTree = "<group>"; };
		44CEA16525ED6208002A6F4F /* SceneDelegate.swift */ = {isa = PBXFileReference; lastKnownFileType = sourcecode.swift; path = SceneDelegate.swift; sourceTree = "<group>"; };
		44CEA16725ED6208002A6F4F /* ViewController.swift */ = {isa = PBXFileReference; lastKnownFileType = sourcecode.swift; path = ViewController.swift; sourceTree = "<group>"; };
		44CEA16A25ED6208002A6F4F /* Base */ = {isa = PBXFileReference; lastKnownFileType = file.storyboard; name = Base; path = Base.lproj/Main.storyboard; sourceTree = "<group>"; };
		44CEA16C25ED6209002A6F4F /* Assets.xcassets */ = {isa = PBXFileReference; lastKnownFileType = folder.assetcatalog; path = Assets.xcassets; sourceTree = "<group>"; };
		44CEA16F25ED6209002A6F4F /* Base */ = {isa = PBXFileReference; lastKnownFileType = file.storyboard; name = Base; path = Base.lproj/LaunchScreen.storyboard; sourceTree = "<group>"; };
		44CEA17125ED6209002A6F4F /* Info.plist */ = {isa = PBXFileReference; lastKnownFileType = text.plist.xml; path = Info.plist; sourceTree = "<group>"; };
		44CEA17625ED620A002A6F4F /* swiftyswitchTests.xctest */ = {isa = PBXFileReference; explicitFileType = wrapper.cfbundle; includeInIndex = 0; path = swiftyswitchTests.xctest; sourceTree = BUILT_PRODUCTS_DIR; };
		44CEA17A25ED620A002A6F4F /* swiftyswitchTests.swift */ = {isa = PBXFileReference; lastKnownFileType = sourcecode.swift; path = swiftyswitchTests.swift; sourceTree = "<group>"; };
		44CEA17C25ED620A002A6F4F /* Info.plist */ = {isa = PBXFileReference; lastKnownFileType = text.plist.xml; path = Info.plist; sourceTree = "<group>"; };
		44CEA18125ED620A002A6F4F /* swiftyswitchUITests.xctest */ = {isa = PBXFileReference; explicitFileType = wrapper.cfbundle; includeInIndex = 0; path = swiftyswitchUITests.xctest; sourceTree = BUILT_PRODUCTS_DIR; };
		44CEA18525ED620A002A6F4F /* swiftyswitchUITests.swift */ = {isa = PBXFileReference; lastKnownFileType = sourcecode.swift; path = swiftyswitchUITests.swift; sourceTree = "<group>"; };
		44CEA18725ED620A002A6F4F /* Info.plist */ = {isa = PBXFileReference; lastKnownFileType = text.plist.xml; path = Info.plist; sourceTree = "<group>"; };
/* End PBXFileReference section */

/* Begin PBXFrameworksBuildPhase section */
		44CEA15D25ED6208002A6F4F /* Frameworks */ = {
			isa = PBXFrameworksBuildPhase;
			buildActionMask = 2147483647;
			files = (
			);
			runOnlyForDeploymentPostprocessing = 0;
		};
		44CEA17325ED620A002A6F4F /* Frameworks */ = {
			isa = PBXFrameworksBuildPhase;
			buildActionMask = 2147483647;
			files = (
			);
			runOnlyForDeploymentPostprocessing = 0;
		};
		44CEA17E25ED620A002A6F4F /* Frameworks */ = {
			isa = PBXFrameworksBuildPhase;
			buildActionMask = 2147483647;
			files = (
			);
			runOnlyForDeploymentPostprocessing = 0;
		};
/* End PBXFrameworksBuildPhase section */

/* Begin PBXGroup section */
		44CEA15725ED6208002A6F4F = {
			isa = PBXGroup;
			children = (
				44CEA16225ED6208002A6F4F /* swiftyswitch */,
				44CEA17925ED620A002A6F4F /* swiftyswitchTests */,
				44CEA18425ED620A002A6F4F /* swiftyswitchUITests */,
				44CEA16125ED6208002A6F4F /* Products */,
			);
			sourceTree = "<group>";
		};
		44CEA16125ED6208002A6F4F /* Products */ = {
			isa = PBXGroup;
			children = (
				44CEA16025ED6208002A6F4F /* swiftyswitch.app */,
				44CEA17625ED620A002A6F4F /* swiftyswitchTests.xctest */,
				44CEA18125ED620A002A6F4F /* swiftyswitchUITests.xctest */,
			);
			name = Products;
			sourceTree = "<group>";
		};
		44CEA16225ED6208002A6F4F /* swiftyswitch */ = {
			isa = PBXGroup;
			children = (
				44CEA16325ED6208002A6F4F /* AppDelegate.swift */,
				44CEA16525ED6208002A6F4F /* SceneDelegate.swift */,
				44CEA16725ED6208002A6F4F /* ViewController.swift */,
				44CEA16925ED6208002A6F4F /* Main.storyboard */,
				44CEA16C25ED6209002A6F4F /* Assets.xcassets */,
				44CEA16E25ED6209002A6F4F /* LaunchScreen.storyboard */,
				44CEA17125ED6209002A6F4F /* Info.plist */,
			);
			path = swiftyswitch;
			sourceTree = "<group>";
		};
		44CEA17925ED620A002A6F4F /* swiftyswitchTests */ = {
			isa = PBXGroup;
			children = (
				44CEA17A25ED620A002A6F4F /* swiftyswitchTests.swift */,
				44CEA17C25ED620A002A6F4F /* Info.plist */,
			);
			path = swiftyswitchTests;
			sourceTree = "<group>";
		};
		44CEA18425ED620A002A6F4F /* swiftyswitchUITests */ = {
			isa = PBXGroup;
			children = (
				44CEA18525ED620A002A6F4F /* swiftyswitchUITests.swift */,
				44CEA18725ED620A002A6F4F /* Info.plist */,
			);
			path = swiftyswitchUITests;
			sourceTree = "<group>";
		};
/* End PBXGroup section */

/* Begin PBXNativeTarget section */
		44CEA15F25ED6208002A6F4F /* swiftyswitch */ = {
			isa = PBXNativeTarget;
			buildConfigurationList = 44CEA18A25ED620A002A6F4F /* Build configuration list for PBXNativeTarget "swiftyswitch" */;
			buildPhases = (
				44CEA15C25ED6208002A6F4F /* Sources */,
				44CEA15D25ED6208002A6F4F /* Frameworks */,
				44CEA15E25ED6208002A6F4F /* Resources */,
			);
			buildRules = (
			);
			dependencies = (
			);
			name = swiftyswitch;
			productName = swiftyswitch;
			productReference = 44CEA16025ED6208002A6F4F /* swiftyswitch.app */;
			productType = "com.apple.product-type.application";
		};
		44CEA17525ED620A002A6F4F /* swiftyswitchTests */ = {
			isa = PBXNativeTarget;
			buildConfigurationList = 44CEA18D25ED620A002A6F4F /* Build configuration list for PBXNativeTarget "swiftyswitchTests" */;
			buildPhases = (
				44CEA17225ED620A002A6F4F /* Sources */,
				44CEA17325ED620A002A6F4F /* Frameworks */,
				44CEA17425ED620A002A6F4F /* Resources */,
			);
			buildRules = (
			);
			dependencies = (
				44CEA17825ED620A002A6F4F /* PBXTargetDependency */,
			);
			name = swiftyswitchTests;
			productName = swiftyswitchTests;
			productReference = 44CEA17625ED620A002A6F4F /* swiftyswitchTests.xctest */;
			productType = "com.apple.product-type.bundle.unit-test";
		};
		44CEA18025ED620A002A6F4F /* swiftyswitchUITests */ = {
			isa = PBXNativeTarget;
			buildConfigurationList = 44CEA19025ED620A002A6F4F /* Build configuration list for PBXNativeTarget "swiftyswitchUITests" */;
			buildPhases = (
				44CEA17D25ED620A002A6F4F /* Sources */,
				44CEA17E25ED620A002A6F4F /* Frameworks */,
				44CEA17F25ED620A002A6F4F /* Resources */,
			);
			buildRules = (
			);
			dependencies = (
				44CEA18325ED620A002A6F4F /* PBXTargetDependency */,
			);
			name = swiftyswitchUITests;
			productName = swiftyswitchUITests;
			productReference = 44CEA18125ED620A002A6F4F /* swiftyswitchUITests.xctest */;
			productType = "com.apple.product-type.bundle.ui-testing";
		};
/* End PBXNativeTarget section */

/* Begin PBXProject section */
		44CEA15825ED6208002A6F4F /* Project object */ = {
			isa = PBXProject;
			attributes = {
				LastSwiftUpdateCheck = 1240;
				LastUpgradeCheck = 1240;
				TargetAttributes = {
					44CEA15F25ED6208002A6F4F = {
						CreatedOnToolsVersion = 12.4;
					};
					44CEA17525ED620A002A6F4F = {
						CreatedOnToolsVersion = 12.4;
						TestTargetID = 44CEA15F25ED6208002A6F4F;
					};
					44CEA18025ED620A002A6F4F = {
						CreatedOnToolsVersion = 12.4;
						TestTargetID = 44CEA15F25ED6208002A6F4F;
					};
				};
			};
			buildConfigurationList = 44CEA15B25ED6208002A6F4F /* Build configuration list for PBXProject "swiftyswitch" */;
			compatibilityVersion = "Xcode 9.3";
			developmentRegion = en;
			hasScannedForEncodings = 0;
			knownRegions = (
				en,
				Base,
			);
			mainGroup = 44CEA15725ED6208002A6F4F;
			productRefGroup = 44CEA16125ED6208002A6F4F /* Products */;
			projectDirPath = "";
			projectRoot = "";
			targets = (
				44CEA15F25ED6208002A6F4F /* swiftyswitch */,
				44CEA17525ED620A002A6F4F /* swiftyswitchTests */,
				44CEA18025ED620A002A6F4F /* swiftyswitchUITests */,
			);
		};
/* End PBXProject section */

/* Begin PBXResourcesBuildPhase section */
		44CEA15E25ED6208002A6F4F /* Resources */ = {
			isa = PBXResourcesBuildPhase;
			buildActionMask = 2147483647;
			files = (
				44CEA17025ED6209002A6F4F /* LaunchScreen.storyboard in Resources */,
				44CEA16D25ED6209002A6F4F /* Assets.xcassets in Resources */,
				44CEA16B25ED6208002A6F4F /* Main.storyboard in Resources */,
			);
			runOnlyForDeploymentPostprocessing = 0;
		};
		44CEA17425ED620A002A6F4F /* Resources */ = {
			isa = PBXResourcesBuildPhase;
			buildActionMask = 2147483647;
			files = (
			);
			runOnlyForDeploymentPostprocessing = 0;
		};
		44CEA17F25ED620A002A6F4F /* Resources */ = {
			isa = PBXResourcesBuildPhase;
			buildActionMask = 2147483647;
			files = (
			);
			runOnlyForDeploymentPostprocessing = 0;
		};
/* End PBXResourcesBuildPhase section */

/* Begin PBXSourcesBuildPhase section */
		44CEA15C25ED6208002A6F4F /* Sources */ = {
			isa = PBXSourcesBuildPhase;
			buildActionMask = 2147483647;
			files = (
				44CEA16825ED6208002A6F4F /* ViewController.swift in Sources */,
				44CEA16425ED6208002A6F4F /* AppDelegate.swift in Sources */,
				44CEA16625ED6208002A6F4F /* SceneDelegate.swift in Sources */,
			);
			runOnlyForDeploymentPostprocessing = 0;
		};
		44CEA17225ED620A002A6F4F /* Sources */ = {
			isa = PBXSourcesBuildPhase;
			buildActionMask = 2147483647;
			files = (
				44CEA17B25ED620A002A6F4F /* swiftyswitchTests.swift in Sources */,
			);
			runOnlyForDeploymentPostprocessing = 0;
		};
		44CEA17D25ED620A002A6F4F /* Sources */ = {
			isa = PBXSourcesBuildPhase;
			buildActionMask = 2147483647;
			files = (
				44CEA18625ED620A002A6F4F /* swiftyswitchUITests.swift in Sources */,
			);
			runOnlyForDeploymentPostprocessing = 0;
		};
/* End PBXSourcesBuildPhase section */

/* Begin PBXTargetDependency section */
		44CEA17825ED620A002A6F4F /* PBXTargetDependency */ = {
			isa = PBXTargetDependency;
			target = 44CEA15F25ED6208002A6F4F /* swiftyswitch */;
			targetProxy = 44CEA17725ED620A002A6F4F /* PBXContainerItemProxy */;
		};
		44CEA18325ED620A002A6F4F /* PBXTargetDependency */ = {
			isa = PBXTargetDependency;
			target = 44CEA15F25ED6208002A6F4F /* swiftyswitch */;
			targetProxy = 44CEA18225ED620A002A6F4F /* PBXContainerItemProxy */;
		};
/* End PBXTargetDependency section */

/* Begin PBXVariantGroup section */
		44CEA16925ED6208002A6F4F /* Main.storyboard */ = {
			isa = PBXVariantGroup;
			children = (
				44CEA16A25ED6208002A6F4F /* Base */,
			);
			name = Main.storyboard;
			sourceTree = "<group>";
		};
		44CEA16E25ED6209002A6F4F /* LaunchScreen.storyboard */ = {
			isa = PBXVariantGroup;
			children = (
				44CEA16F25ED6209002A6F4F /* Base */,
			);
			name = LaunchScreen.storyboard;
			sourceTree = "<group>";
		};
/* End PBXVariantGroup section */

/* Begin XCBuildConfiguration section */
		44CEA18825ED620A002A6F4F /* Debug */ = {
			isa = XCBuildConfiguration;
			buildSettings = {
				ALWAYS_SEARCH_USER_PATHS = NO;
				CLANG_ANALYZER_NONNULL = YES;
				CLANG_ANALYZER_NUMBER_OBJECT_CONVERSION = YES_AGGRESSIVE;
				CLANG_CXX_LANGUAGE_STANDARD = "gnu++14";
				CLANG_CXX_LIBRARY = "libc++";
				CLANG_ENABLE_MODULES = YES;
				CLANG_ENABLE_OBJC_ARC = YES;
				CLANG_ENABLE_OBJC_WEAK = YES;
				CLANG_WARN_BLOCK_CAPTURE_AUTORELEASING = YES;
				CLANG_WARN_BOOL_CONVERSION = YES;
				CLANG_WARN_COMMA = YES;
				CLANG_WARN_CONSTANT_CONVERSION = YES;
				CLANG_WARN_DEPRECATED_OBJC_IMPLEMENTATIONS = YES;
				CLANG_WARN_DIRECT_OBJC_ISA_USAGE = YES_ERROR;
				CLANG_WARN_DOCUMENTATION_COMMENTS = YES;
				CLANG_WARN_EMPTY_BODY = YES;
				CLANG_WARN_ENUM_CONVERSION = YES;
				CLANG_WARN_INFINITE_RECURSION = YES;
				CLANG_WARN_INT_CONVERSION = YES;
				CLANG_WARN_NON_LITERAL_NULL_CONVERSION = YES;
				CLANG_WARN_OBJC_IMPLICIT_RETAIN_SELF = YES;
				CLANG_WARN_OBJC_LITERAL_CONVERSION = YES;
				CLANG_WARN_OBJC_ROOT_CLASS = YES_ERROR;
				CLANG_WARN_QUOTED_INCLUDE_IN_FRAMEWORK_HEADER = YES;
				CLANG_WARN_RANGE_LOOP_ANALYSIS = YES;
				CLANG_WARN_STRICT_PROTOTYPES = YES;
				CLANG_WARN_SUSPICIOUS_MOVE = YES;
				CLANG_WARN_UNGUARDED_AVAILABILITY = YES_AGGRESSIVE;
				CLANG_WARN_UNREACHABLE_CODE = YES;
				CLANG_WARN__DUPLICATE_METHOD_MATCH = YES;
				COPY_PHASE_STRIP = NO;
				DEBUG_INFORMATION_FORMAT = dwarf;
				ENABLE_STRICT_OBJC_MSGSEND = YES;
				ENABLE_TESTABILITY = YES;
				GCC_C_LANGUAGE_STANDARD = gnu11;
				GCC_DYNAMIC_NO_PIC = NO;
				GCC_NO_COMMON_BLOCKS = YES;
				GCC_OPTIMIZATION_LEVEL = 0;
				GCC_PREPROCESSOR_DEFINITIONS = (
					"DEBUG=1",
					"$(inherited)",
				);
				GCC_WARN_64_TO_32_BIT_CONVERSION = YES;
				GCC_WARN_ABOUT_RETURN_TYPE = YES_ERROR;
				GCC_WARN_UNDECLARED_SELECTOR = YES;
				GCC_WARN_UNINITIALIZED_AUTOS = YES_AGGRESSIVE;
				GCC_WARN_UNUSED_FUNCTION = YES;
				GCC_WARN_UNUSED_VARIABLE = YES;
				IPHONEOS_DEPLOYMENT_TARGET = 14.4;
				MTL_ENABLE_DEBUG_INFO = INCLUDE_SOURCE;
				MTL_FAST_MATH = YES;
				ONLY_ACTIVE_ARCH = YES;
				SDKROOT = iphoneos;
				SWIFT_ACTIVE_COMPILATION_CONDITIONS = DEBUG;
				SWIFT_OPTIMIZATION_LEVEL = "-Onone";
			};
			name = Debug;
		};
		44CEA18925ED620A002A6F4F /* Release */ = {
			isa = XCBuildConfiguration;
			buildSettings = {
				ALWAYS_SEARCH_USER_PATHS = NO;
				CLANG_ANALYZER_NONNULL = YES;
				CLANG_ANALYZER_NUMBER_OBJECT_CONVERSION = YES_AGGRESSIVE;
				CLANG_CXX_LANGUAGE_STANDARD = "gnu++14";
				CLANG_CXX_LIBRARY = "libc++";
				CLANG_ENABLE_MODULES = YES;
				CLANG_ENABLE_OBJC_ARC = YES;
				CLANG_ENABLE_OBJC_WEAK = YES;
				CLANG_WARN_BLOCK_CAPTURE_AUTORELEASING = YES;
				CLANG_WARN_BOOL_CONVERSION = YES;
				CLANG_WARN_COMMA = YES;
				CLANG_WARN_CONSTANT_CONVERSION = YES;
				CLANG_WARN_DEPRECATED_OBJC_IMPLEMENTATIONS = YES;
				CLANG_WARN_DIRECT_OBJC_ISA_USAGE = YES_ERROR;
				CLANG_WARN_DOCUMENTATION_COMMENTS = YES;
				CLANG_WARN_EMPTY_BODY = YES;
				CLANG_WARN_ENUM_CONVERSION = YES;
				CLANG_WARN_INFINITE_RECURSION = YES;
				CLANG_WARN_INT_CONVERSION = YES;
				CLANG_WARN_NON_LITERAL_NULL_CONVERSION = YES;
				CLANG_WARN_OBJC_IMPLICIT_RETAIN_SELF = YES;
				CLANG_WARN_OBJC_LITERAL_CONVERSION = YES;
				CLANG_WARN_OBJC_ROOT_CLASS = YES_ERROR;
				CLANG_WARN_QUOTED_INCLUDE_IN_FRAMEWORK_HEADER = YES;
				CLANG_WARN_RANGE_LOOP_ANALYSIS = YES;
				CLANG_WARN_STRICT_PROTOTYPES = YES;
				CLANG_WARN_SUSPICIOUS_MOVE = YES;
				CLANG_WARN_UNGUARDED_AVAILABILITY = YES_AGGRESSIVE;
				CLANG_WARN_UNREACHABLE_CODE = YES;
				CLANG_WARN__DUPLICATE_METHOD_MATCH = YES;
				COPY_PHASE_STRIP = NO;
				DEBUG_INFORMATION_FORMAT = "dwarf-with-dsym";
				ENABLE_NS_ASSERTIONS = NO;
				ENABLE_STRICT_OBJC_MSGSEND = YES;
				GCC_C_LANGUAGE_STANDARD = gnu11;
				GCC_NO_COMMON_BLOCKS = YES;
				GCC_WARN_64_TO_32_BIT_CONVERSION = YES;
				GCC_WARN_ABOUT_RETURN_TYPE = YES_ERROR;
				GCC_WARN_UNDECLARED_SELECTOR = YES;
				GCC_WARN_UNINITIALIZED_AUTOS = YES_AGGRESSIVE;
				GCC_WARN_UNUSED_FUNCTION = YES;
				GCC_WARN_UNUSED_VARIABLE = YES;
				IPHONEOS_DEPLOYMENT_TARGET = 14.4;
				MTL_ENABLE_DEBUG_INFO = NO;
				MTL_FAST_MATH = YES;
				SDKROOT = iphoneos;
				SWIFT_COMPILATION_MODE = wholemodule;
				SWIFT_OPTIMIZATION_LEVEL = "-O";
				VALIDATE_PRODUCT = YES;
			};
			name = Release;
		};
		44CEA18B25ED620A002A6F4F /* Debug */ = {
			isa = XCBuildConfiguration;
			buildSettings = {
				ASSETCATALOG_COMPILER_APPICON_NAME = AppIcon;
				ASSETCATALOG_COMPILER_GLOBAL_ACCENT_COLOR_NAME = AccentColor;
				CODE_SIGN_STYLE = Automatic;
				INFOPLIST_FILE = swiftyswitch/Info.plist;
				LD_RUNPATH_SEARCH_PATHS = (
					"$(inherited)",
					"@executable_path/Frameworks",
				);
				PRODUCT_BUNDLE_IDENTIFIER = com.getweys.swiftyswitch;
				PRODUCT_NAME = "$(TARGET_NAME)";
				SWIFT_VERSION = 5.0;
				TARGETED_DEVICE_FAMILY = "1,2";
			};
			name = Debug;
		};
		44CEA18C25ED620A002A6F4F /* Release */ = {
			isa = XCBuildConfiguration;
			buildSettings = {
				ASSETCATALOG_COMPILER_APPICON_NAME = AppIcon;
				ASSETCATALOG_COMPILER_GLOBAL_ACCENT_COLOR_NAME = AccentColor;
				CODE_SIGN_STYLE = Automatic;
				INFOPLIST_FILE = swiftyswitch/Info.plist;
				LD_RUNPATH_SEARCH_PATHS = (
					"$(inherited)",
					"@executable_path/Frameworks",
				);
				PRODUCT_BUNDLE_IDENTIFIER = com.getweys.swiftyswitch;
				PRODUCT_NAME = "$(TARGET_NAME)";
				SWIFT_VERSION = 5.0;
				TARGETED_DEVICE_FAMILY = "1,2";
			};
			name = Release;
		};
		44CEA18E25ED620A002A6F4F /* Debug */ = {
			isa = XCBuildConfiguration;
			buildSettings = {
				ALWAYS_EMBED_SWIFT_STANDARD_LIBRARIES = YES;
				BUNDLE_LOADER = "$(TEST_HOST)";
				CODE_SIGN_STYLE = Automatic;
				INFOPLIST_FILE = swiftyswitchTests/Info.plist;
				IPHONEOS_DEPLOYMENT_TARGET = 14.4;
				LD_RUNPATH_SEARCH_PATHS = (
					"$(inherited)",
					"@executable_path/Frameworks",
					"@loader_path/Frameworks",
				);
				PRODUCT_BUNDLE_IDENTIFIER = com.getweys.swiftyswitchTests;
				PRODUCT_NAME = "$(TARGET_NAME)";
				SWIFT_VERSION = 5.0;
				TARGETED_DEVICE_FAMILY = "1,2";
				TEST_HOST = "$(BUILT_PRODUCTS_DIR)/swiftyswitch.app/swiftyswitch";
			};
			name = Debug;
		};
		44CEA18F25ED620A002A6F4F /* Release */ = {
			isa = XCBuildConfiguration;
			buildSettings = {
				ALWAYS_EMBED_SWIFT_STANDARD_LIBRARIES = YES;
				BUNDLE_LOADER = "$(TEST_HOST)";
				CODE_SIGN_STYLE = Automatic;
				INFOPLIST_FILE = swiftyswitchTests/Info.plist;
				IPHONEOS_DEPLOYMENT_TARGET = 14.4;
				LD_RUNPATH_SEARCH_PATHS = (
					"$(inherited)",
					"@executable_path/Frameworks",
					"@loader_path/Frameworks",
				);
				PRODUCT_BUNDLE_IDENTIFIER = com.getweys.swiftyswitchTests;
				PRODUCT_NAME = "$(TARGET_NAME)";
				SWIFT_VERSION = 5.0;
				TARGETED_DEVICE_FAMILY = "1,2";
				TEST_HOST = "$(BUILT_PRODUCTS_DIR)/swiftyswitch.app/swiftyswitch";
			};
			name = Release;
		};
		44CEA19125ED620A002A6F4F /* Debug */ = {
			isa = XCBuildConfiguration;
			buildSettings = {
				ALWAYS_EMBED_SWIFT_STANDARD_LIBRARIES = YES;
				CODE_SIGN_STYLE = Automatic;
				INFOPLIST_FILE = swiftyswitchUITests/Info.plist;
				LD_RUNPATH_SEARCH_PATHS = (
					"$(inherited)",
					"@executable_path/Frameworks",
					"@loader_path/Frameworks",
				);
				PRODUCT_BUNDLE_IDENTIFIER = com.getweys.swiftyswitchUITests;
				PRODUCT_NAME = "$(TARGET_NAME)";
				SWIFT_VERSION = 5.0;
				TARGETED_DEVICE_FAMILY = "1,2";
				TEST_TARGET_NAME = swiftyswitch;
			};
			name = Debug;
		};
		44CEA19225ED620A002A6F4F /* Release */ = {
			isa = XCBuildConfiguration;
			buildSettings = {
				ALWAYS_EMBED_SWIFT_STANDARD_LIBRARIES = YES;
				CODE_SIGN_STYLE = Automatic;
				INFOPLIST_FILE = swiftyswitchUITests/Info.plist;
				LD_RUNPATH_SEARCH_PATHS = (
					"$(inherited)",
					"@executable_path/Frameworks",
					"@loader_path/Frameworks",
				);
				PRODUCT_BUNDLE_IDENTIFIER = com.getweys.swiftyswitchUITests;
				PRODUCT_NAME = "$(TARGET_NAME)";
				SWIFT_VERSION = 5.0;
				TARGETED_DEVICE_FAMILY = "1,2";
				TEST_TARGET_NAME = swiftyswitch;
			};
			name = Release;
		};
/* End XCBuildConfiguration section */

/* Begin XCConfigurationList section */
		44CEA15B25ED6208002A6F4F /* Build configuration list for PBXProject "swiftyswitch" */ = {
			isa = XCConfigurationList;
			buildConfigurations = (
				44CEA18825ED620A002A6F4F /* Debug */,
				44CEA18925ED620A002A6F4F /* Release */,
			);
			defaultConfigurationIsVisible = 0;
			defaultConfigurationName = Release;
		};
		44CEA18A25ED620A002A6F4F /* Build configuration list for PBXNativeTarget "swiftyswitch" */ = {
			isa = XCConfigurationList;
			buildConfigurations = (
				44CEA18B25ED620A002A6F4F /* Debug */,
				44CEA18C25ED620A002A6F4F /* Release */,
			);
			defaultConfigurationIsVisible = 0;
			defaultConfigurationName = Release;
		};
		44CEA18D25ED620A002A6F4F /* Build configuration list for PBXNativeTarget "swiftyswitchTests" */ = {
			isa = XCConfigurationList;
			buildConfigurations = (
				44CEA18E25ED620A002A6F4F /* Debug */,
				44CEA18F25ED620A002A6F4F /* Release */,
			);
			defaultConfigurationIsVisible = 0;
			defaultConfigurationName = Release;
		};
		44CEA19025ED620A002A6F4F /* Build configuration list for PBXNativeTarget "swiftyswitchUITests" */ = {
			isa = XCConfigurationList;
			buildConfigurations = (
				44CEA19125ED620A002A6F4F /* Debug */,
				44CEA19225ED620A002A6F4F /* Release */,
			);
			defaultConfigurationIsVisible = 0;
			defaultConfigurationName = Release;
		};
/* End XCConfigurationList section */
	};
	rootObject = 44CEA15825ED6208002A6F4F /* Project object */;
}
