// !$*UTF8*$!
{
	archiveVersion = 1;
	classes = {
	};
	objectVersion = 50;
	objects = {

/* Begin PBXBuildFile section */
		4407846525E915C0008ECDA6 /* AppDelegate.swift in Sources */ = {isa = PBXBuildFile; fileRef = 4407846425E915C0008ECDA6 /* AppDelegate.swift */; };
		4407846725E915C0008ECDA6 /* SceneDelegate.swift in Sources */ = {isa = PBXBuildFile; fileRef = 4407846625E915C0008ECDA6 /* SceneDelegate.swift */; };
		4407846925E915C0008ECDA6 /* ViewController.swift in Sources */ = {isa = PBXBuildFile; fileRef = 4407846825E915C0008ECDA6 /* ViewController.swift */; };
		4407846C25E915C0008ECDA6 /* Main.storyboard in Resources */ = {isa = PBXBuildFile; fileRef = 4407846A25E915C0008ECDA6 /* Main.storyboard */; };
		4407846E25E915C3008ECDA6 /* Assets.xcassets in Resources */ = {isa = PBXBuildFile; fileRef = 4407846D25E915C3008ECDA6 /* Assets.xcassets */; };
		4407847125E915C3008ECDA6 /* LaunchScreen.storyboard in Resources */ = {isa = PBXBuildFile; fileRef = 4407846F25E915C3008ECDA6 /* LaunchScreen.storyboard */; };
		4407847C25E915C4008ECDA6 /* buttonandactioncollectionTests.swift in Sources */ = {isa = PBXBuildFile; fileRef = 4407847B25E915C4008ECDA6 /* buttonandactioncollectionTests.swift */; };
		4407848725E915C4008ECDA6 /* buttonandactioncollectionUITests.swift in Sources */ = {isa = PBXBuildFile; fileRef = 4407848625E915C4008ECDA6 /* buttonandactioncollectionUITests.swift */; };
		4407849F25E91A49008ECDA6 /* tortoise(selected).png in Resources */ = {isa = PBXBuildFile; fileRef = 4407849725E91A49008ECDA6 /* tortoise(selected).png */; };
		440784A025E91A49008ECDA6 /* home(selected).png in Resources */ = {isa = PBXBuildFile; fileRef = 4407849825E91A49008ECDA6 /* home(selected).png */; };
		440784A125E91A49008ECDA6 /* comments.png in Resources */ = {isa = PBXBuildFile; fileRef = 4407849925E91A49008ECDA6 /* comments.png */; };
		440784A225E91A49008ECDA6 /* tortoise.png in Resources */ = {isa = PBXBuildFile; fileRef = 4407849A25E91A49008ECDA6 /* tortoise.png */; };
		440784A325E91A49008ECDA6 /* comments(selected).png in Resources */ = {isa = PBXBuildFile; fileRef = 4407849B25E91A49008ECDA6 /* comments(selected).png */; };
		440784A425E91A49008ECDA6 /* home.png in Resources */ = {isa = PBXBuildFile; fileRef = 4407849C25E91A49008ECDA6 /* home.png */; };
		440784A525E91A49008ECDA6 /* rabbit(selected).png in Resources */ = {isa = PBXBuildFile; fileRef = 4407849D25E91A49008ECDA6 /* rabbit(selected).png */; };
		440784A625E91A49008ECDA6 /* rabbit.png in Resources */ = {isa = PBXBuildFile; fileRef = 4407849E25E91A49008ECDA6 /* rabbit.png */; };
/* End PBXBuildFile section */

/* Begin PBXContainerItemProxy section */
		4407847825E915C4008ECDA6 /* PBXContainerItemProxy */ = {
			isa = PBXContainerItemProxy;
			containerPortal = 4407845925E915C0008ECDA6 /* Project object */;
			proxyType = 1;
			remoteGlobalIDString = 4407846025E915C0008ECDA6;
			remoteInfo = buttonandactioncollection;
		};
		4407848325E915C4008ECDA6 /* PBXContainerItemProxy */ = {
			isa = PBXContainerItemProxy;
			containerPortal = 4407845925E915C0008ECDA6 /* Project object */;
			proxyType = 1;
			remoteGlobalIDString = 4407846025E915C0008ECDA6;
			remoteInfo = buttonandactioncollection;
		};
/* End PBXContainerItemProxy section */

/* Begin PBXFileReference section */
		4407846125E915C0008ECDA6 /* buttonandactioncollection.app */ = {isa = PBXFileReference; explicitFileType = wrapper.application; includeInIndex = 0; path = buttonandactioncollection.app; sourceTree = BUILT_PRODUCTS_DIR; };
		4407846425E915C0008ECDA6 /* AppDelegate.swift */ = {isa = PBXFileReference; lastKnownFileType = sourcecode.swift; path = AppDelegate.swift; sourceTree = "<group>"; };
		4407846625E915C0008ECDA6 /* SceneDelegate.swift */ = {isa = PBXFileReference; lastKnownFileType = sourcecode.swift; path = SceneDelegate.swift; sourceTree = "<group>"; };
		4407846825E915C0008ECDA6 /* ViewController.swift */ = {isa = PBXFileReference; lastKnownFileType = sourcecode.swift; path = ViewController.swift; sourceTree = "<group>"; };
		4407846B25E915C0008ECDA6 /* Base */ = {isa = PBXFileReference; lastKnownFileType = file.storyboard; name = Base; path = Base.lproj/Main.storyboard; sourceTree = "<group>"; };
		4407846D25E915C3008ECDA6 /* Assets.xcassets */ = {isa = PBXFileReference; lastKnownFileType = folder.assetcatalog; path = Assets.xcassets; sourceTree = "<group>"; };
		4407847025E915C3008ECDA6 /* Base */ = {isa = PBXFileReference; lastKnownFileType = file.storyboard; name = Base; path = Base.lproj/LaunchScreen.storyboard; sourceTree = "<group>"; };
		4407847225E915C3008ECDA6 /* Info.plist */ = {isa = PBXFileReference; lastKnownFileType = text.plist.xml; path = Info.plist; sourceTree = "<group>"; };
		4407847725E915C4008ECDA6 /* buttonandactioncollectionTests.xctest */ = {isa = PBXFileReference; explicitFileType = wrapper.cfbundle; includeInIndex = 0; path = buttonandactioncollectionTests.xctest; sourceTree = BUILT_PRODUCTS_DIR; };
		4407847B25E915C4008ECDA6 /* buttonandactioncollectionTests.swift */ = {isa = PBXFileReference; lastKnownFileType = sourcecode.swift; path = buttonandactioncollectionTests.swift; sourceTree = "<group>"; };
		4407847D25E915C4008ECDA6 /* Info.plist */ = {isa = PBXFileReference; lastKnownFileType = text.plist.xml; path = Info.plist; sourceTree = "<group>"; };
		4407848225E915C4008ECDA6 /* buttonandactioncollectionUITests.xctest */ = {isa = PBXFileReference; explicitFileType = wrapper.cfbundle; includeInIndex = 0; path = buttonandactioncollectionUITests.xctest; sourceTree = BUILT_PRODUCTS_DIR; };
		4407848625E915C4008ECDA6 /* buttonandactioncollectionUITests.swift */ = {isa = PBXFileReference; lastKnownFileType = sourcecode.swift; path = buttonandactioncollectionUITests.swift; sourceTree = "<group>"; };
		4407848825E915C4008ECDA6 /* Info.plist */ = {isa = PBXFileReference; lastKnownFileType = text.plist.xml; path = Info.plist; sourceTree = "<group>"; };
		4407849725E91A49008ECDA6 /* tortoise(selected).png */ = {isa = PBXFileReference; lastKnownFileType = image.png; name = "tortoise(selected).png"; path = "../../../../Downloads/tortoise(selected).png"; sourceTree = "<group>"; };
		4407849825E91A49008ECDA6 /* home(selected).png */ = {isa = PBXFileReference; lastKnownFileType = image.png; name = "home(selected).png"; path = "../../../../Downloads/home(selected).png"; sourceTree = "<group>"; };
		4407849925E91A49008ECDA6 /* comments.png */ = {isa = PBXFileReference; lastKnownFileType = image.png; name = comments.png; path = ../../../../Downloads/comments.png; sourceTree = "<group>"; };
		4407849A25E91A49008ECDA6 /* tortoise.png */ = {isa = PBXFileReference; lastKnownFileType = image.png; name = tortoise.png; path = ../../../../Downloads/tortoise.png; sourceTree = "<group>"; };
		4407849B25E91A49008ECDA6 /* comments(selected).png */ = {isa = PBXFileReference; lastKnownFileType = image.png; name = "comments(selected).png"; path = "../../../../Downloads/comments(selected).png"; sourceTree = "<group>"; };
		4407849C25E91A49008ECDA6 /* home.png */ = {isa = PBXFileReference; lastKnownFileType = image.png; name = home.png; path = ../../../../Downloads/home.png; sourceTree = "<group>"; };
		4407849D25E91A49008ECDA6 /* rabbit(selected).png */ = {isa = PBXFileReference; lastKnownFileType = image.png; name = "rabbit(selected).png"; path = "../../../../Downloads/rabbit(selected).png"; sourceTree = "<group>"; };
		4407849E25E91A49008ECDA6 /* rabbit.png */ = {isa = PBXFileReference; lastKnownFileType = image.png; name = rabbit.png; path = ../../../../Downloads/rabbit.png; sourceTree = "<group>"; };
/* End PBXFileReference section */

/* Begin PBXFrameworksBuildPhase section */
		4407845E25E915C0008ECDA6 /* Frameworks */ = {
			isa = PBXFrameworksBuildPhase;
			buildActionMask = 2147483647;
			files = (
			);
			runOnlyForDeploymentPostprocessing = 0;
		};
		4407847425E915C4008ECDA6 /* Frameworks */ = {
			isa = PBXFrameworksBuildPhase;
			buildActionMask = 2147483647;
			files = (
			);
			runOnlyForDeploymentPostprocessing = 0;
		};
		4407847F25E915C4008ECDA6 /* Frameworks */ = {
			isa = PBXFrameworksBuildPhase;
			buildActionMask = 2147483647;
			files = (
			);
			runOnlyForDeploymentPostprocessing = 0;
		};
/* End PBXFrameworksBuildPhase section */

/* Begin PBXGroup section */
		4407845825E915C0008ECDA6 = {
			isa = PBXGroup;
			children = (
				4407846325E915C0008ECDA6 /* buttonandactioncollection */,
				4407847A25E915C4008ECDA6 /* buttonandactioncollectionTests */,
				4407848525E915C4008ECDA6 /* buttonandactioncollectionUITests */,
				4407846225E915C0008ECDA6 /* Products */,
			);
			sourceTree = "<group>";
		};
		4407846225E915C0008ECDA6 /* Products */ = {
			isa = PBXGroup;
			children = (
				4407846125E915C0008ECDA6 /* buttonandactioncollection.app */,
				4407847725E915C4008ECDA6 /* buttonandactioncollectionTests.xctest */,
				4407848225E915C4008ECDA6 /* buttonandactioncollectionUITests.xctest */,
			);
			name = Products;
			sourceTree = "<group>";
		};
		4407846325E915C0008ECDA6 /* buttonandactioncollection */ = {
			isa = PBXGroup;
			children = (
				4407846425E915C0008ECDA6 /* AppDelegate.swift */,
				4407846625E915C0008ECDA6 /* SceneDelegate.swift */,
				4407846825E915C0008ECDA6 /* ViewController.swift */,
				4407846A25E915C0008ECDA6 /* Main.storyboard */,
				4407846D25E915C3008ECDA6 /* Assets.xcassets */,
				4407849925E91A49008ECDA6 /* comments.png */,
				4407849B25E91A49008ECDA6 /* comments(selected).png */,
				4407849C25E91A49008ECDA6 /* home.png */,
				4407849825E91A49008ECDA6 /* home(selected).png */,
				4407849E25E91A49008ECDA6 /* rabbit.png */,
				4407849D25E91A49008ECDA6 /* rabbit(selected).png */,
				4407849A25E91A49008ECDA6 /* tortoise.png */,
				4407849725E91A49008ECDA6 /* tortoise(selected).png */,
				4407846F25E915C3008ECDA6 /* LaunchScreen.storyboard */,
				4407847225E915C3008ECDA6 /* Info.plist */,
			);
			path = buttonandactioncollection;
			sourceTree = "<group>";
		};
		4407847A25E915C4008ECDA6 /* buttonandactioncollectionTests */ = {
			isa = PBXGroup;
			children = (
				4407847B25E915C4008ECDA6 /* buttonandactioncollectionTests.swift */,
				4407847D25E915C4008ECDA6 /* Info.plist */,
			);
			path = buttonandactioncollectionTests;
			sourceTree = "<group>";
		};
		4407848525E915C4008ECDA6 /* buttonandactioncollectionUITests */ = {
			isa = PBXGroup;
			children = (
				4407848625E915C4008ECDA6 /* buttonandactioncollectionUITests.swift */,
				4407848825E915C4008ECDA6 /* Info.plist */,
			);
			path = buttonandactioncollectionUITests;
			sourceTree = "<group>";
		};
/* End PBXGroup section */

/* Begin PBXNativeTarget section */
		4407846025E915C0008ECDA6 /* buttonandactioncollection */ = {
			isa = PBXNativeTarget;
			buildConfigurationList = 4407848B25E915C4008ECDA6 /* Build configuration list for PBXNativeTarget "buttonandactioncollection" */;
			buildPhases = (
				4407845D25E915C0008ECDA6 /* Sources */,
				4407845E25E915C0008ECDA6 /* Frameworks */,
				4407845F25E915C0008ECDA6 /* Resources */,
			);
			buildRules = (
			);
			dependencies = (
			);
			name = buttonandactioncollection;
			productName = buttonandactioncollection;
			productReference = 4407846125E915C0008ECDA6 /* buttonandactioncollection.app */;
			productType = "com.apple.product-type.application";
		};
		4407847625E915C4008ECDA6 /* buttonandactioncollectionTests */ = {
			isa = PBXNativeTarget;
			buildConfigurationList = 4407848E25E915C4008ECDA6 /* Build configuration list for PBXNativeTarget "buttonandactioncollectionTests" */;
			buildPhases = (
				4407847325E915C4008ECDA6 /* Sources */,
				4407847425E915C4008ECDA6 /* Frameworks */,
				4407847525E915C4008ECDA6 /* Resources */,
			);
			buildRules = (
			);
			dependencies = (
				4407847925E915C4008ECDA6 /* PBXTargetDependency */,
			);
			name = buttonandactioncollectionTests;
			productName = buttonandactioncollectionTests;
			productReference = 4407847725E915C4008ECDA6 /* buttonandactioncollectionTests.xctest */;
			productType = "com.apple.product-type.bundle.unit-test";
		};
		4407848125E915C4008ECDA6 /* buttonandactioncollectionUITests */ = {
			isa = PBXNativeTarget;
			buildConfigurationList = 4407849125E915C4008ECDA6 /* Build configuration list for PBXNativeTarget "buttonandactioncollectionUITests" */;
			buildPhases = (
				4407847E25E915C4008ECDA6 /* Sources */,
				4407847F25E915C4008ECDA6 /* Frameworks */,
				4407848025E915C4008ECDA6 /* Resources */,
			);
			buildRules = (
			);
			dependencies = (
				4407848425E915C4008ECDA6 /* PBXTargetDependency */,
			);
			name = buttonandactioncollectionUITests;
			productName = buttonandactioncollectionUITests;
			productReference = 4407848225E915C4008ECDA6 /* buttonandactioncollectionUITests.xctest */;
			productType = "com.apple.product-type.bundle.ui-testing";
		};
/* End PBXNativeTarget section */

/* Begin PBXProject section */
		4407845925E915C0008ECDA6 /* Project object */ = {
			isa = PBXProject;
			attributes = {
				LastSwiftUpdateCheck = 1240;
				LastUpgradeCheck = 1240;
				TargetAttributes = {
					4407846025E915C0008ECDA6 = {
						CreatedOnToolsVersion = 12.4;
					};
					4407847625E915C4008ECDA6 = {
						CreatedOnToolsVersion = 12.4;
						TestTargetID = 4407846025E915C0008ECDA6;
					};
					4407848125E915C4008ECDA6 = {
						CreatedOnToolsVersion = 12.4;
						TestTargetID = 4407846025E915C0008ECDA6;
					};
				};
			};
			buildConfigurationList = 4407845C25E915C0008ECDA6 /* Build configuration list for PBXProject "buttonandactioncollection" */;
			compatibilityVersion = "Xcode 9.3";
			developmentRegion = en;
			hasScannedForEncodings = 0;
			knownRegions = (
				en,
				Base,
			);
			mainGroup = 4407845825E915C0008ECDA6;
			productRefGroup = 4407846225E915C0008ECDA6 /* Products */;
			projectDirPath = "";
			projectRoot = "";
			targets = (
				4407846025E915C0008ECDA6 /* buttonandactioncollection */,
				4407847625E915C4008ECDA6 /* buttonandactioncollectionTests */,
				4407848125E915C4008ECDA6 /* buttonandactioncollectionUITests */,
			);
		};
/* End PBXProject section */

/* Begin PBXResourcesBuildPhase section */
		4407845F25E915C0008ECDA6 /* Resources */ = {
			isa = PBXResourcesBuildPhase;
			buildActionMask = 2147483647;
			files = (
				4407849F25E91A49008ECDA6 /* tortoise(selected).png in Resources */,
				440784A325E91A49008ECDA6 /* comments(selected).png in Resources */,
				440784A425E91A49008ECDA6 /* home.png in Resources */,
				440784A025E91A49008ECDA6 /* home(selected).png in Resources */,
				4407847125E915C3008ECDA6 /* LaunchScreen.storyboard in Resources */,
				440784A625E91A49008ECDA6 /* rabbit.png in Resources */,
				440784A525E91A49008ECDA6 /* rabbit(selected).png in Resources */,
				440784A225E91A49008ECDA6 /* tortoise.png in Resources */,
				440784A125E91A49008ECDA6 /* comments.png in Resources */,
				4407846E25E915C3008ECDA6 /* Assets.xcassets in Resources */,
				4407846C25E915C0008ECDA6 /* Main.storyboard in Resources */,
			);
			runOnlyForDeploymentPostprocessing = 0;
		};
		4407847525E915C4008ECDA6 /* Resources */ = {
			isa = PBXResourcesBuildPhase;
			buildActionMask = 2147483647;
			files = (
			);
			runOnlyForDeploymentPostprocessing = 0;
		};
		4407848025E915C4008ECDA6 /* Resources */ = {
			isa = PBXResourcesBuildPhase;
			buildActionMask = 2147483647;
			files = (
			);
			runOnlyForDeploymentPostprocessing = 0;
		};
/* End PBXResourcesBuildPhase section */

/* Begin PBXSourcesBuildPhase section */
		4407845D25E915C0008ECDA6 /* Sources */ = {
			isa = PBXSourcesBuildPhase;
			buildActionMask = 2147483647;
			files = (
				4407846925E915C0008ECDA6 /* ViewController.swift in Sources */,
				4407846525E915C0008ECDA6 /* AppDelegate.swift in Sources */,
				4407846725E915C0008ECDA6 /* SceneDelegate.swift in Sources */,
			);
			runOnlyForDeploymentPostprocessing = 0;
		};
		4407847325E915C4008ECDA6 /* Sources */ = {
			isa = PBXSourcesBuildPhase;
			buildActionMask = 2147483647;
			files = (
				4407847C25E915C4008ECDA6 /* buttonandactioncollectionTests.swift in Sources */,
			);
			runOnlyForDeploymentPostprocessing = 0;
		};
		4407847E25E915C4008ECDA6 /* Sources */ = {
			isa = PBXSourcesBuildPhase;
			buildActionMask = 2147483647;
			files = (
				4407848725E915C4008ECDA6 /* buttonandactioncollectionUITests.swift in Sources */,
			);
			runOnlyForDeploymentPostprocessing = 0;
		};
/* End PBXSourcesBuildPhase section */

/* Begin PBXTargetDependency section */
		4407847925E915C4008ECDA6 /* PBXTargetDependency */ = {
			isa = PBXTargetDependency;
			target = 4407846025E915C0008ECDA6 /* buttonandactioncollection */;
			targetProxy = 4407847825E915C4008ECDA6 /* PBXContainerItemProxy */;
		};
		4407848425E915C4008ECDA6 /* PBXTargetDependency */ = {
			isa = PBXTargetDependency;
			target = 4407846025E915C0008ECDA6 /* buttonandactioncollection */;
			targetProxy = 4407848325E915C4008ECDA6 /* PBXContainerItemProxy */;
		};
/* End PBXTargetDependency section */

/* Begin PBXVariantGroup section */
		4407846A25E915C0008ECDA6 /* Main.storyboard */ = {
			isa = PBXVariantGroup;
			children = (
				4407846B25E915C0008ECDA6 /* Base */,
			);
			name = Main.storyboard;
			sourceTree = "<group>";
		};
		4407846F25E915C3008ECDA6 /* LaunchScreen.storyboard */ = {
			isa = PBXVariantGroup;
			children = (
				4407847025E915C3008ECDA6 /* Base */,
			);
			name = LaunchScreen.storyboard;
			sourceTree = "<group>";
		};
/* End PBXVariantGroup section */

/* Begin XCBuildConfiguration section */
		4407848925E915C4008ECDA6 /* Debug */ = {
			isa = XCBuildConfiguration;
			buildSettings = {
				ALWAYS_SEARCH_USER_PATHS = NO;
				CLANG_ANALYZER_NONNULL = YES;
				CLANG_ANALYZER_NUMBER_OBJECT_CONVERSION = YES_AGGRESSIVE;
				CLANG_CXX_LANGUAGE_STANDARD = "gnu++14";
				CLANG_CXX_LIBRARY = "libc++";
				CLANG_ENABLE_MODULES = YES;
				CLANG_ENABLE_OBJC_ARC = YES;
				CLANG_ENABLE_OBJC_WEAK = YES;
				CLANG_WARN_BLOCK_CAPTURE_AUTORELEASING = YES;
				CLANG_WARN_BOOL_CONVERSION = YES;
				CLANG_WARN_COMMA = YES;
				CLANG_WARN_CONSTANT_CONVERSION = YES;
				CLANG_WARN_DEPRECATED_OBJC_IMPLEMENTATIONS = YES;
				CLANG_WARN_DIRECT_OBJC_ISA_USAGE = YES_ERROR;
				CLANG_WARN_DOCUMENTATION_COMMENTS = YES;
				CLANG_WARN_EMPTY_BODY = YES;
				CLANG_WARN_ENUM_CONVERSION = YES;
				CLANG_WARN_INFINITE_RECURSION = YES;
				CLANG_WARN_INT_CONVERSION = YES;
				CLANG_WARN_NON_LITERAL_NULL_CONVERSION = YES;
				CLANG_WARN_OBJC_IMPLICIT_RETAIN_SELF = YES;
				CLANG_WARN_OBJC_LITERAL_CONVERSION = YES;
				CLANG_WARN_OBJC_ROOT_CLASS = YES_ERROR;
				CLANG_WARN_QUOTED_INCLUDE_IN_FRAMEWORK_HEADER = YES;
				CLANG_WARN_RANGE_LOOP_ANALYSIS = YES;
				CLANG_WARN_STRICT_PROTOTYPES = YES;
				CLANG_WARN_SUSPICIOUS_MOVE = YES;
				CLANG_WARN_UNGUARDED_AVAILABILITY = YES_AGGRESSIVE;
				CLANG_WARN_UNREACHABLE_CODE = YES;
				CLANG_WARN__DUPLICATE_METHOD_MATCH = YES;
				COPY_PHASE_STRIP = NO;
				DEBUG_INFORMATION_FORMAT = dwarf;
				ENABLE_STRICT_OBJC_MSGSEND = YES;
				ENABLE_TESTABILITY = YES;
				GCC_C_LANGUAGE_STANDARD = gnu11;
				GCC_DYNAMIC_NO_PIC = NO;
				GCC_NO_COMMON_BLOCKS = YES;
				GCC_OPTIMIZATION_LEVEL = 0;
				GCC_PREPROCESSOR_DEFINITIONS = (
					"DEBUG=1",
					"$(inherited)",
				);
				GCC_WARN_64_TO_32_BIT_CONVERSION = YES;
				GCC_WARN_ABOUT_RETURN_TYPE = YES_ERROR;
				GCC_WARN_UNDECLARED_SELECTOR = YES;
				GCC_WARN_UNINITIALIZED_AUTOS = YES_AGGRESSIVE;
				GCC_WARN_UNUSED_FUNCTION = YES;
				GCC_WARN_UNUSED_VARIABLE = YES;
				IPHONEOS_DEPLOYMENT_TARGET = 14.4;
				MTL_ENABLE_DEBUG_INFO = INCLUDE_SOURCE;
				MTL_FAST_MATH = YES;
				ONLY_ACTIVE_ARCH = YES;
				SDKROOT = iphoneos;
				SWIFT_ACTIVE_COMPILATION_CONDITIONS = DEBUG;
				SWIFT_OPTIMIZATION_LEVEL = "-Onone";
			};
			name = Debug;
		};
		4407848A25E915C4008ECDA6 /* Release */ = {
			isa = XCBuildConfiguration;
			buildSettings = {
				ALWAYS_SEARCH_USER_PATHS = NO;
				CLANG_ANALYZER_NONNULL = YES;
				CLANG_ANALYZER_NUMBER_OBJECT_CONVERSION = YES_AGGRESSIVE;
				CLANG_CXX_LANGUAGE_STANDARD = "gnu++14";
				CLANG_CXX_LIBRARY = "libc++";
				CLANG_ENABLE_MODULES = YES;
				CLANG_ENABLE_OBJC_ARC = YES;
				CLANG_ENABLE_OBJC_WEAK = YES;
				CLANG_WARN_BLOCK_CAPTURE_AUTORELEASING = YES;
				CLANG_WARN_BOOL_CONVERSION = YES;
				CLANG_WARN_COMMA = YES;
				CLANG_WARN_CONSTANT_CONVERSION = YES;
				CLANG_WARN_DEPRECATED_OBJC_IMPLEMENTATIONS = YES;
				CLANG_WARN_DIRECT_OBJC_ISA_USAGE = YES_ERROR;
				CLANG_WARN_DOCUMENTATION_COMMENTS = YES;
				CLANG_WARN_EMPTY_BODY = YES;
				CLANG_WARN_ENUM_CONVERSION = YES;
				CLANG_WARN_INFINITE_RECURSION = YES;
				CLANG_WARN_INT_CONVERSION = YES;
				CLANG_WARN_NON_LITERAL_NULL_CONVERSION = YES;
				CLANG_WARN_OBJC_IMPLICIT_RETAIN_SELF = YES;
				CLANG_WARN_OBJC_LITERAL_CONVERSION = YES;
				CLANG_WARN_OBJC_ROOT_CLASS = YES_ERROR;
				CLANG_WARN_QUOTED_INCLUDE_IN_FRAMEWORK_HEADER = YES;
				CLANG_WARN_RANGE_LOOP_ANALYSIS = YES;
				CLANG_WARN_STRICT_PROTOTYPES = YES;
				CLANG_WARN_SUSPICIOUS_MOVE = YES;
				CLANG_WARN_UNGUARDED_AVAILABILITY = YES_AGGRESSIVE;
				CLANG_WARN_UNREACHABLE_CODE = YES;
				CLANG_WARN__DUPLICATE_METHOD_MATCH = YES;
				COPY_PHASE_STRIP = NO;
				DEBUG_INFORMATION_FORMAT = "dwarf-with-dsym";
				ENABLE_NS_ASSERTIONS = NO;
				ENABLE_STRICT_OBJC_MSGSEND = YES;
				GCC_C_LANGUAGE_STANDARD = gnu11;
				GCC_NO_COMMON_BLOCKS = YES;
				GCC_WARN_64_TO_32_BIT_CONVERSION = YES;
				GCC_WARN_ABOUT_RETURN_TYPE = YES_ERROR;
				GCC_WARN_UNDECLARED_SELECTOR = YES;
				GCC_WARN_UNINITIALIZED_AUTOS = YES_AGGRESSIVE;
				GCC_WARN_UNUSED_FUNCTION = YES;
				GCC_WARN_UNUSED_VARIABLE = YES;
				IPHONEOS_DEPLOYMENT_TARGET = 14.4;
				MTL_ENABLE_DEBUG_INFO = NO;
				MTL_FAST_MATH = YES;
				SDKROOT = iphoneos;
				SWIFT_COMPILATION_MODE = wholemodule;
				SWIFT_OPTIMIZATION_LEVEL = "-O";
				VALIDATE_PRODUCT = YES;
			};
			name = Release;
		};
		4407848C25E915C4008ECDA6 /* Debug */ = {
			isa = XCBuildConfiguration;
			buildSettings = {
				ASSETCATALOG_COMPILER_APPICON_NAME = AppIcon;
				ASSETCATALOG_COMPILER_GLOBAL_ACCENT_COLOR_NAME = AccentColor;
				CODE_SIGN_STYLE = Automatic;
				INFOPLIST_FILE = buttonandactioncollection/Info.plist;
				LD_RUNPATH_SEARCH_PATHS = (
					"$(inherited)",
					"@executable_path/Frameworks",
				);
				PRODUCT_BUNDLE_IDENTIFIER = com.getweys.buttonandactioncollection;
				PRODUCT_NAME = "$(TARGET_NAME)";
				SWIFT_VERSION = 5.0;
				TARGETED_DEVICE_FAMILY = "1,2";
			};
			name = Debug;
		};
		4407848D25E915C4008ECDA6 /* Release */ = {
			isa = XCBuildConfiguration;
			buildSettings = {
				ASSETCATALOG_COMPILER_APPICON_NAME = AppIcon;
				ASSETCATALOG_COMPILER_GLOBAL_ACCENT_COLOR_NAME = AccentColor;
				CODE_SIGN_STYLE = Automatic;
				INFOPLIST_FILE = buttonandactioncollection/Info.plist;
				LD_RUNPATH_SEARCH_PATHS = (
					"$(inherited)",
					"@executable_path/Frameworks",
				);
				PRODUCT_BUNDLE_IDENTIFIER = com.getweys.buttonandactioncollection;
				PRODUCT_NAME = "$(TARGET_NAME)";
				SWIFT_VERSION = 5.0;
				TARGETED_DEVICE_FAMILY = "1,2";
			};
			name = Release;
		};
		4407848F25E915C4008ECDA6 /* Debug */ = {
			isa = XCBuildConfiguration;
			buildSettings = {
				ALWAYS_EMBED_SWIFT_STANDARD_LIBRARIES = YES;
				BUNDLE_LOADER = "$(TEST_HOST)";
				CODE_SIGN_STYLE = Automatic;
				INFOPLIST_FILE = buttonandactioncollectionTests/Info.plist;
				IPHONEOS_DEPLOYMENT_TARGET = 14.4;
				LD_RUNPATH_SEARCH_PATHS = (
					"$(inherited)",
					"@executable_path/Frameworks",
					"@loader_path/Frameworks",
				);
				PRODUCT_BUNDLE_IDENTIFIER = com.getweys.buttonandactioncollectionTests;
				PRODUCT_NAME = "$(TARGET_NAME)";
				SWIFT_VERSION = 5.0;
				TARGETED_DEVICE_FAMILY = "1,2";
				TEST_HOST = "$(BUILT_PRODUCTS_DIR)/buttonandactioncollection.app/buttonandactioncollection";
			};
			name = Debug;
		};
		4407849025E915C4008ECDA6 /* Release */ = {
			isa = XCBuildConfiguration;
			buildSettings = {
				ALWAYS_EMBED_SWIFT_STANDARD_LIBRARIES = YES;
				BUNDLE_LOADER = "$(TEST_HOST)";
				CODE_SIGN_STYLE = Automatic;
				INFOPLIST_FILE = buttonandactioncollectionTests/Info.plist;
				IPHONEOS_DEPLOYMENT_TARGET = 14.4;
				LD_RUNPATH_SEARCH_PATHS = (
					"$(inherited)",
					"@executable_path/Frameworks",
					"@loader_path/Frameworks",
				);
				PRODUCT_BUNDLE_IDENTIFIER = com.getweys.buttonandactioncollectionTests;
				PRODUCT_NAME = "$(TARGET_NAME)";
				SWIFT_VERSION = 5.0;
				TARGETED_DEVICE_FAMILY = "1,2";
				TEST_HOST = "$(BUILT_PRODUCTS_DIR)/buttonandactioncollection.app/buttonandactioncollection";
			};
			name = Release;
		};
		4407849225E915C4008ECDA6 /* Debug */ = {
			isa = XCBuildConfiguration;
			buildSettings = {
				ALWAYS_EMBED_SWIFT_STANDARD_LIBRARIES = YES;
				CODE_SIGN_STYLE = Automatic;
				INFOPLIST_FILE = buttonandactioncollectionUITests/Info.plist;
				LD_RUNPATH_SEARCH_PATHS = (
					"$(inherited)",
					"@executable_path/Frameworks",
					"@loader_path/Frameworks",
				);
				PRODUCT_BUNDLE_IDENTIFIER = com.getweys.buttonandactioncollectionUITests;
				PRODUCT_NAME = "$(TARGET_NAME)";
				SWIFT_VERSION = 5.0;
				TARGETED_DEVICE_FAMILY = "1,2";
				TEST_TARGET_NAME = buttonandactioncollection;
			};
			name = Debug;
		};
		4407849325E915C4008ECDA6 /* Release */ = {
			isa = XCBuildConfiguration;
			buildSettings = {
				ALWAYS_EMBED_SWIFT_STANDARD_LIBRARIES = YES;
				CODE_SIGN_STYLE = Automatic;
				INFOPLIST_FILE = buttonandactioncollectionUITests/Info.plist;
				LD_RUNPATH_SEARCH_PATHS = (
					"$(inherited)",
					"@executable_path/Frameworks",
					"@loader_path/Frameworks",
				);
				PRODUCT_BUNDLE_IDENTIFIER = com.getweys.buttonandactioncollectionUITests;
				PRODUCT_NAME = "$(TARGET_NAME)";
				SWIFT_VERSION = 5.0;
				TARGETED_DEVICE_FAMILY = "1,2";
				TEST_TARGET_NAME = buttonandactioncollection;
			};
			name = Release;
		};
/* End XCBuildConfiguration section */

/* Begin XCConfigurationList section */
		4407845C25E915C0008ECDA6 /* Build configuration list for PBXProject "buttonandactioncollection" */ = {
			isa = XCConfigurationList;
			buildConfigurations = (
				4407848925E915C4008ECDA6 /* Debug */,
				4407848A25E915C4008ECDA6 /* Release */,
			);
			defaultConfigurationIsVisible = 0;
			defaultConfigurationName = Release;
		};
		4407848B25E915C4008ECDA6 /* Build configuration list for PBXNativeTarget "buttonandactioncollection" */ = {
			isa = XCConfigurationList;
			buildConfigurations = (
				4407848C25E915C4008ECDA6 /* Debug */,
				4407848D25E915C4008ECDA6 /* Release */,
			);
			defaultConfigurationIsVisible = 0;
			defaultConfigurationName = Release;
		};
		4407848E25E915C4008ECDA6 /* Build configuration list for PBXNativeTarget "buttonandactioncollectionTests" */ = {
			isa = XCConfigurationList;
			buildConfigurations = (
				4407848F25E915C4008ECDA6 /* Debug */,
				4407849025E915C4008ECDA6 /* Release */,
			);
			defaultConfigurationIsVisible = 0;
			defaultConfigurationName = Release;
		};
		4407849125E915C4008ECDA6 /* Build configuration list for PBXNativeTarget "buttonandactioncollectionUITests" */ = {
			isa = XCConfigurationList;
			buildConfigurations = (
				4407849225E915C4008ECDA6 /* Debug */,
				4407849325E915C4008ECDA6 /* Release */,
			);
			defaultConfigurationIsVisible = 0;
			defaultConfigurationName = Release;
		};
/* End XCConfigurationList section */
	};
	rootObject = 4407845925E915C0008ECDA6 /* Project object */;
}
