// !$*UTF8*$!
{
	archiveVersion = 1;
	classes = {
	};
	objectVersion = 50;
	objects = {

/* Begin PBXBuildFile section */
		446C2E4725EBDFA10078F4B7 /* AppDelegate.swift in Sources */ = {isa = PBXBuildFile; fileRef = 446C2E4625EBDFA10078F4B7 /* AppDelegate.swift */; };
		446C2E4925EBDFA10078F4B7 /* SceneDelegate.swift in Sources */ = {isa = PBXBuildFile; fileRef = 446C2E4825EBDFA10078F4B7 /* SceneDelegate.swift */; };
		446C2E4B25EBDFA10078F4B7 /* ViewController.swift in Sources */ = {isa = PBXBuildFile; fileRef = 446C2E4A25EBDFA10078F4B7 /* ViewController.swift */; };
		446C2E4E25EBDFA10078F4B7 /* Main.storyboard in Resources */ = {isa = PBXBuildFile; fileRef = 446C2E4C25EBDFA10078F4B7 /* Main.storyboard */; };
		446C2E5025EBDFA50078F4B7 /* Assets.xcassets in Resources */ = {isa = PBXBuildFile; fileRef = 446C2E4F25EBDFA50078F4B7 /* Assets.xcassets */; };
		446C2E5325EBDFA50078F4B7 /* LaunchScreen.storyboard in Resources */ = {isa = PBXBuildFile; fileRef = 446C2E5125EBDFA50078F4B7 /* LaunchScreen.storyboard */; };
		446C2E5E25EBDFA50078F4B7 /* popupsTests.swift in Sources */ = {isa = PBXBuildFile; fileRef = 446C2E5D25EBDFA50078F4B7 /* popupsTests.swift */; };
		446C2E6925EBDFA50078F4B7 /* popupsUITests.swift in Sources */ = {isa = PBXBuildFile; fileRef = 446C2E6825EBDFA50078F4B7 /* popupsUITests.swift */; };
/* End PBXBuildFile section */

/* Begin PBXContainerItemProxy section */
		446C2E5A25EBDFA50078F4B7 /* PBXContainerItemProxy */ = {
			isa = PBXContainerItemProxy;
			containerPortal = 446C2E3B25EBDFA10078F4B7 /* Project object */;
			proxyType = 1;
			remoteGlobalIDString = 446C2E4225EBDFA10078F4B7;
			remoteInfo = popups;
		};
		446C2E6525EBDFA50078F4B7 /* PBXContainerItemProxy */ = {
			isa = PBXContainerItemProxy;
			containerPortal = 446C2E3B25EBDFA10078F4B7 /* Project object */;
			proxyType = 1;
			remoteGlobalIDString = 446C2E4225EBDFA10078F4B7;
			remoteInfo = popups;
		};
/* End PBXContainerItemProxy section */

/* Begin PBXFileReference section */
		446C2E4325EBDFA10078F4B7 /* popups.app */ = {isa = PBXFileReference; explicitFileType = wrapper.application; includeInIndex = 0; path = popups.app; sourceTree = BUILT_PRODUCTS_DIR; };
		446C2E4625EBDFA10078F4B7 /* AppDelegate.swift */ = {isa = PBXFileReference; lastKnownFileType = sourcecode.swift; path = AppDelegate.swift; sourceTree = "<group>"; };
		446C2E4825EBDFA10078F4B7 /* SceneDelegate.swift */ = {isa = PBXFileReference; lastKnownFileType = sourcecode.swift; path = SceneDelegate.swift; sourceTree = "<group>"; };
		446C2E4A25EBDFA10078F4B7 /* ViewController.swift */ = {isa = PBXFileReference; lastKnownFileType = sourcecode.swift; path = ViewController.swift; sourceTree = "<group>"; };
		446C2E4D25EBDFA10078F4B7 /* Base */ = {isa = PBXFileReference; lastKnownFileType = file.storyboard; name = Base; path = Base.lproj/Main.storyboard; sourceTree = "<group>"; };
		446C2E4F25EBDFA50078F4B7 /* Assets.xcassets */ = {isa = PBXFileReference; lastKnownFileType = folder.assetcatalog; path = Assets.xcassets; sourceTree = "<group>"; };
		446C2E5225EBDFA50078F4B7 /* Base */ = {isa = PBXFileReference; lastKnownFileType = file.storyboard; name = Base; path = Base.lproj/LaunchScreen.storyboard; sourceTree = "<group>"; };
		446C2E5425EBDFA50078F4B7 /* Info.plist */ = {isa = PBXFileReference; lastKnownFileType = text.plist.xml; path = Info.plist; sourceTree = "<group>"; };
		446C2E5925EBDFA50078F4B7 /* popupsTests.xctest */ = {isa = PBXFileReference; explicitFileType = wrapper.cfbundle; includeInIndex = 0; path = popupsTests.xctest; sourceTree = BUILT_PRODUCTS_DIR; };
		446C2E5D25EBDFA50078F4B7 /* popupsTests.swift */ = {isa = PBXFileReference; lastKnownFileType = sourcecode.swift; path = popupsTests.swift; sourceTree = "<group>"; };
		446C2E5F25EBDFA50078F4B7 /* Info.plist */ = {isa = PBXFileReference; lastKnownFileType = text.plist.xml; path = Info.plist; sourceTree = "<group>"; };
		446C2E6425EBDFA50078F4B7 /* popupsUITests.xctest */ = {isa = PBXFileReference; explicitFileType = wrapper.cfbundle; includeInIndex = 0; path = popupsUITests.xctest; sourceTree = BUILT_PRODUCTS_DIR; };
		446C2E6825EBDFA50078F4B7 /* popupsUITests.swift */ = {isa = PBXFileReference; lastKnownFileType = sourcecode.swift; path = popupsUITests.swift; sourceTree = "<group>"; };
		446C2E6A25EBDFA50078F4B7 /* Info.plist */ = {isa = PBXFileReference; lastKnownFileType = text.plist.xml; path = Info.plist; sourceTree = "<group>"; };
/* End PBXFileReference section */

/* Begin PBXFrameworksBuildPhase section */
		446C2E4025EBDFA10078F4B7 /* Frameworks */ = {
			isa = PBXFrameworksBuildPhase;
			buildActionMask = 2147483647;
			files = (
			);
			runOnlyForDeploymentPostprocessing = 0;
		};
		446C2E5625EBDFA50078F4B7 /* Frameworks */ = {
			isa = PBXFrameworksBuildPhase;
			buildActionMask = 2147483647;
			files = (
			);
			runOnlyForDeploymentPostprocessing = 0;
		};
		446C2E6125EBDFA50078F4B7 /* Frameworks */ = {
			isa = PBXFrameworksBuildPhase;
			buildActionMask = 2147483647;
			files = (
			);
			runOnlyForDeploymentPostprocessing = 0;
		};
/* End PBXFrameworksBuildPhase section */

/* Begin PBXGroup section */
		446C2E3A25EBDFA10078F4B7 = {
			isa = PBXGroup;
			children = (
				446C2E4525EBDFA10078F4B7 /* popups */,
				446C2E5C25EBDFA50078F4B7 /* popupsTests */,
				446C2E6725EBDFA50078F4B7 /* popupsUITests */,
				446C2E4425EBDFA10078F4B7 /* Products */,
			);
			sourceTree = "<group>";
		};
		446C2E4425EBDFA10078F4B7 /* Products */ = {
			isa = PBXGroup;
			children = (
				446C2E4325EBDFA10078F4B7 /* popups.app */,
				446C2E5925EBDFA50078F4B7 /* popupsTests.xctest */,
				446C2E6425EBDFA50078F4B7 /* popupsUITests.xctest */,
			);
			name = Products;
			sourceTree = "<group>";
		};
		446C2E4525EBDFA10078F4B7 /* popups */ = {
			isa = PBXGroup;
			children = (
				446C2E4625EBDFA10078F4B7 /* AppDelegate.swift */,
				446C2E4825EBDFA10078F4B7 /* SceneDelegate.swift */,
				446C2E4A25EBDFA10078F4B7 /* ViewController.swift */,
				446C2E4C25EBDFA10078F4B7 /* Main.storyboard */,
				446C2E4F25EBDFA50078F4B7 /* Assets.xcassets */,
				446C2E5125EBDFA50078F4B7 /* LaunchScreen.storyboard */,
				446C2E5425EBDFA50078F4B7 /* Info.plist */,
			);
			path = popups;
			sourceTree = "<group>";
		};
		446C2E5C25EBDFA50078F4B7 /* popupsTests */ = {
			isa = PBXGroup;
			children = (
				446C2E5D25EBDFA50078F4B7 /* popupsTests.swift */,
				446C2E5F25EBDFA50078F4B7 /* Info.plist */,
			);
			path = popupsTests;
			sourceTree = "<group>";
		};
		446C2E6725EBDFA50078F4B7 /* popupsUITests */ = {
			isa = PBXGroup;
			children = (
				446C2E6825EBDFA50078F4B7 /* popupsUITests.swift */,
				446C2E6A25EBDFA50078F4B7 /* Info.plist */,
			);
			path = popupsUITests;
			sourceTree = "<group>";
		};
/* End PBXGroup section */

/* Begin PBXNativeTarget section */
		446C2E4225EBDFA10078F4B7 /* popups */ = {
			isa = PBXNativeTarget;
			buildConfigurationList = 446C2E6D25EBDFA50078F4B7 /* Build configuration list for PBXNativeTarget "popups" */;
			buildPhases = (
				446C2E3F25EBDFA10078F4B7 /* Sources */,
				446C2E4025EBDFA10078F4B7 /* Frameworks */,
				446C2E4125EBDFA10078F4B7 /* Resources */,
			);
			buildRules = (
			);
			dependencies = (
			);
			name = popups;
			productName = popups;
			productReference = 446C2E4325EBDFA10078F4B7 /* popups.app */;
			productType = "com.apple.product-type.application";
		};
		446C2E5825EBDFA50078F4B7 /* popupsTests */ = {
			isa = PBXNativeTarget;
			buildConfigurationList = 446C2E7025EBDFA50078F4B7 /* Build configuration list for PBXNativeTarget "popupsTests" */;
			buildPhases = (
				446C2E5525EBDFA50078F4B7 /* Sources */,
				446C2E5625EBDFA50078F4B7 /* Frameworks */,
				446C2E5725EBDFA50078F4B7 /* Resources */,
			);
			buildRules = (
			);
			dependencies = (
				446C2E5B25EBDFA50078F4B7 /* PBXTargetDependency */,
			);
			name = popupsTests;
			productName = popupsTests;
			productReference = 446C2E5925EBDFA50078F4B7 /* popupsTests.xctest */;
			productType = "com.apple.product-type.bundle.unit-test";
		};
		446C2E6325EBDFA50078F4B7 /* popupsUITests */ = {
			isa = PBXNativeTarget;
			buildConfigurationList = 446C2E7325EBDFA50078F4B7 /* Build configuration list for PBXNativeTarget "popupsUITests" */;
			buildPhases = (
				446C2E6025EBDFA50078F4B7 /* Sources */,
				446C2E6125EBDFA50078F4B7 /* Frameworks */,
				446C2E6225EBDFA50078F4B7 /* Resources */,
			);
			buildRules = (
			);
			dependencies = (
				446C2E6625EBDFA50078F4B7 /* PBXTargetDependency */,
			);
			name = popupsUITests;
			productName = popupsUITests;
			productReference = 446C2E6425EBDFA50078F4B7 /* popupsUITests.xctest */;
			productType = "com.apple.product-type.bundle.ui-testing";
		};
/* End PBXNativeTarget section */

/* Begin PBXProject section */
		446C2E3B25EBDFA10078F4B7 /* Project object */ = {
			isa = PBXProject;
			attributes = {
				LastSwiftUpdateCheck = 1240;
				LastUpgradeCheck = 1240;
				TargetAttributes = {
					446C2E4225EBDFA10078F4B7 = {
						CreatedOnToolsVersion = 12.4;
					};
					446C2E5825EBDFA50078F4B7 = {
						CreatedOnToolsVersion = 12.4;
						TestTargetID = 446C2E4225EBDFA10078F4B7;
					};
					446C2E6325EBDFA50078F4B7 = {
						CreatedOnToolsVersion = 12.4;
						TestTargetID = 446C2E4225EBDFA10078F4B7;
					};
				};
			};
			buildConfigurationList = 446C2E3E25EBDFA10078F4B7 /* Build configuration list for PBXProject "popups" */;
			compatibilityVersion = "Xcode 9.3";
			developmentRegion = en;
			hasScannedForEncodings = 0;
			knownRegions = (
				en,
				Base,
			);
			mainGroup = 446C2E3A25EBDFA10078F4B7;
			productRefGroup = 446C2E4425EBDFA10078F4B7 /* Products */;
			projectDirPath = "";
			projectRoot = "";
			targets = (
				446C2E4225EBDFA10078F4B7 /* popups */,
				446C2E5825EBDFA50078F4B7 /* popupsTests */,
				446C2E6325EBDFA50078F4B7 /* popupsUITests */,
			);
		};
/* End PBXProject section */

/* Begin PBXResourcesBuildPhase section */
		446C2E4125EBDFA10078F4B7 /* Resources */ = {
			isa = PBXResourcesBuildPhase;
			buildActionMask = 2147483647;
			files = (
				446C2E5325EBDFA50078F4B7 /* LaunchScreen.storyboard in Resources */,
				446C2E5025EBDFA50078F4B7 /* Assets.xcassets in Resources */,
				446C2E4E25EBDFA10078F4B7 /* Main.storyboard in Resources */,
			);
			runOnlyForDeploymentPostprocessing = 0;
		};
		446C2E5725EBDFA50078F4B7 /* Resources */ = {
			isa = PBXResourcesBuildPhase;
			buildActionMask = 2147483647;
			files = (
			);
			runOnlyForDeploymentPostprocessing = 0;
		};
		446C2E6225EBDFA50078F4B7 /* Resources */ = {
			isa = PBXResourcesBuildPhase;
			buildActionMask = 2147483647;
			files = (
			);
			runOnlyForDeploymentPostprocessing = 0;
		};
/* End PBXResourcesBuildPhase section */

/* Begin PBXSourcesBuildPhase section */
		446C2E3F25EBDFA10078F4B7 /* Sources */ = {
			isa = PBXSourcesBuildPhase;
			buildActionMask = 2147483647;
			files = (
				446C2E4B25EBDFA10078F4B7 /* ViewController.swift in Sources */,
				446C2E4725EBDFA10078F4B7 /* AppDelegate.swift in Sources */,
				446C2E4925EBDFA10078F4B7 /* SceneDelegate.swift in Sources */,
			);
			runOnlyForDeploymentPostprocessing = 0;
		};
		446C2E5525EBDFA50078F4B7 /* Sources */ = {
			isa = PBXSourcesBuildPhase;
			buildActionMask = 2147483647;
			files = (
				446C2E5E25EBDFA50078F4B7 /* popupsTests.swift in Sources */,
			);
			runOnlyForDeploymentPostprocessing = 0;
		};
		446C2E6025EBDFA50078F4B7 /* Sources */ = {
			isa = PBXSourcesBuildPhase;
			buildActionMask = 2147483647;
			files = (
				446C2E6925EBDFA50078F4B7 /* popupsUITests.swift in Sources */,
			);
			runOnlyForDeploymentPostprocessing = 0;
		};
/* End PBXSourcesBuildPhase section */

/* Begin PBXTargetDependency section */
		446C2E5B25EBDFA50078F4B7 /* PBXTargetDependency */ = {
			isa = PBXTargetDependency;
			target = 446C2E4225EBDFA10078F4B7 /* popups */;
			targetProxy = 446C2E5A25EBDFA50078F4B7 /* PBXContainerItemProxy */;
		};
		446C2E6625EBDFA50078F4B7 /* PBXTargetDependency */ = {
			isa = PBXTargetDependency;
			target = 446C2E4225EBDFA10078F4B7 /* popups */;
			targetProxy = 446C2E6525EBDFA50078F4B7 /* PBXContainerItemProxy */;
		};
/* End PBXTargetDependency section */

/* Begin PBXVariantGroup section */
		446C2E4C25EBDFA10078F4B7 /* Main.storyboard */ = {
			isa = PBXVariantGroup;
			children = (
				446C2E4D25EBDFA10078F4B7 /* Base */,
			);
			name = Main.storyboard;
			sourceTree = "<group>";
		};
		446C2E5125EBDFA50078F4B7 /* LaunchScreen.storyboard */ = {
			isa = PBXVariantGroup;
			children = (
				446C2E5225EBDFA50078F4B7 /* Base */,
			);
			name = LaunchScreen.storyboard;
			sourceTree = "<group>";
		};
/* End PBXVariantGroup section */

/* Begin XCBuildConfiguration section */
		446C2E6B25EBDFA50078F4B7 /* Debug */ = {
			isa = XCBuildConfiguration;
			buildSettings = {
				ALWAYS_SEARCH_USER_PATHS = NO;
				CLANG_ANALYZER_NONNULL = YES;
				CLANG_ANALYZER_NUMBER_OBJECT_CONVERSION = YES_AGGRESSIVE;
				CLANG_CXX_LANGUAGE_STANDARD = "gnu++14";
				CLANG_CXX_LIBRARY = "libc++";
				CLANG_ENABLE_MODULES = YES;
				CLANG_ENABLE_OBJC_ARC = YES;
				CLANG_ENABLE_OBJC_WEAK = YES;
				CLANG_WARN_BLOCK_CAPTURE_AUTORELEASING = YES;
				CLANG_WARN_BOOL_CONVERSION = YES;
				CLANG_WARN_COMMA = YES;
				CLANG_WARN_CONSTANT_CONVERSION = YES;
				CLANG_WARN_DEPRECATED_OBJC_IMPLEMENTATIONS = YES;
				CLANG_WARN_DIRECT_OBJC_ISA_USAGE = YES_ERROR;
				CLANG_WARN_DOCUMENTATION_COMMENTS = YES;
				CLANG_WARN_EMPTY_BODY = YES;
				CLANG_WARN_ENUM_CONVERSION = YES;
				CLANG_WARN_INFINITE_RECURSION = YES;
				CLANG_WARN_INT_CONVERSION = YES;
				CLANG_WARN_NON_LITERAL_NULL_CONVERSION = YES;
				CLANG_WARN_OBJC_IMPLICIT_RETAIN_SELF = YES;
				CLANG_WARN_OBJC_LITERAL_CONVERSION = YES;
				CLANG_WARN_OBJC_ROOT_CLASS = YES_ERROR;
				CLANG_WARN_QUOTED_INCLUDE_IN_FRAMEWORK_HEADER = YES;
				CLANG_WARN_RANGE_LOOP_ANALYSIS = YES;
				CLANG_WARN_STRICT_PROTOTYPES = YES;
				CLANG_WARN_SUSPICIOUS_MOVE = YES;
				CLANG_WARN_UNGUARDED_AVAILABILITY = YES_AGGRESSIVE;
				CLANG_WARN_UNREACHABLE_CODE = YES;
				CLANG_WARN__DUPLICATE_METHOD_MATCH = YES;
				COPY_PHASE_STRIP = NO;
				DEBUG_INFORMATION_FORMAT = dwarf;
				ENABLE_STRICT_OBJC_MSGSEND = YES;
				ENABLE_TESTABILITY = YES;
				GCC_C_LANGUAGE_STANDARD = gnu11;
				GCC_DYNAMIC_NO_PIC = NO;
				GCC_NO_COMMON_BLOCKS = YES;
				GCC_OPTIMIZATION_LEVEL = 0;
				GCC_PREPROCESSOR_DEFINITIONS = (
					"DEBUG=1",
					"$(inherited)",
				);
				GCC_WARN_64_TO_32_BIT_CONVERSION = YES;
				GCC_WARN_ABOUT_RETURN_TYPE = YES_ERROR;
				GCC_WARN_UNDECLARED_SELECTOR = YES;
				GCC_WARN_UNINITIALIZED_AUTOS = YES_AGGRESSIVE;
				GCC_WARN_UNUSED_FUNCTION = YES;
				GCC_WARN_UNUSED_VARIABLE = YES;
				IPHONEOS_DEPLOYMENT_TARGET = 14.4;
				MTL_ENABLE_DEBUG_INFO = INCLUDE_SOURCE;
				MTL_FAST_MATH = YES;
				ONLY_ACTIVE_ARCH = YES;
				SDKROOT = iphoneos;
				SWIFT_ACTIVE_COMPILATION_CONDITIONS = DEBUG;
				SWIFT_OPTIMIZATION_LEVEL = "-Onone";
			};
			name = Debug;
		};
		446C2E6C25EBDFA50078F4B7 /* Release */ = {
			isa = XCBuildConfiguration;
			buildSettings = {
				ALWAYS_SEARCH_USER_PATHS = NO;
				CLANG_ANALYZER_NONNULL = YES;
				CLANG_ANALYZER_NUMBER_OBJECT_CONVERSION = YES_AGGRESSIVE;
				CLANG_CXX_LANGUAGE_STANDARD = "gnu++14";
				CLANG_CXX_LIBRARY = "libc++";
				CLANG_ENABLE_MODULES = YES;
				CLANG_ENABLE_OBJC_ARC = YES;
				CLANG_ENABLE_OBJC_WEAK = YES;
				CLANG_WARN_BLOCK_CAPTURE_AUTORELEASING = YES;
				CLANG_WARN_BOOL_CONVERSION = YES;
				CLANG_WARN_COMMA = YES;
				CLANG_WARN_CONSTANT_CONVERSION = YES;
				CLANG_WARN_DEPRECATED_OBJC_IMPLEMENTATIONS = YES;
				CLANG_WARN_DIRECT_OBJC_ISA_USAGE = YES_ERROR;
				CLANG_WARN_DOCUMENTATION_COMMENTS = YES;
				CLANG_WARN_EMPTY_BODY = YES;
				CLANG_WARN_ENUM_CONVERSION = YES;
				CLANG_WARN_INFINITE_RECURSION = YES;
				CLANG_WARN_INT_CONVERSION = YES;
				CLANG_WARN_NON_LITERAL_NULL_CONVERSION = YES;
				CLANG_WARN_OBJC_IMPLICIT_RETAIN_SELF = YES;
				CLANG_WARN_OBJC_LITERAL_CONVERSION = YES;
				CLANG_WARN_OBJC_ROOT_CLASS = YES_ERROR;
				CLANG_WARN_QUOTED_INCLUDE_IN_FRAMEWORK_HEADER = YES;
				CLANG_WARN_RANGE_LOOP_ANALYSIS = YES;
				CLANG_WARN_STRICT_PROTOTYPES = YES;
				CLANG_WARN_SUSPICIOUS_MOVE = YES;
				CLANG_WARN_UNGUARDED_AVAILABILITY = YES_AGGRESSIVE;
				CLANG_WARN_UNREACHABLE_CODE = YES;
				CLANG_WARN__DUPLICATE_METHOD_MATCH = YES;
				COPY_PHASE_STRIP = NO;
				DEBUG_INFORMATION_FORMAT = "dwarf-with-dsym";
				ENABLE_NS_ASSERTIONS = NO;
				ENABLE_STRICT_OBJC_MSGSEND = YES;
				GCC_C_LANGUAGE_STANDARD = gnu11;
				GCC_NO_COMMON_BLOCKS = YES;
				GCC_WARN_64_TO_32_BIT_CONVERSION = YES;
				GCC_WARN_ABOUT_RETURN_TYPE = YES_ERROR;
				GCC_WARN_UNDECLARED_SELECTOR = YES;
				GCC_WARN_UNINITIALIZED_AUTOS = YES_AGGRESSIVE;
				GCC_WARN_UNUSED_FUNCTION = YES;
				GCC_WARN_UNUSED_VARIABLE = YES;
				IPHONEOS_DEPLOYMENT_TARGET = 14.4;
				MTL_ENABLE_DEBUG_INFO = NO;
				MTL_FAST_MATH = YES;
				SDKROOT = iphoneos;
				SWIFT_COMPILATION_MODE = wholemodule;
				SWIFT_OPTIMIZATION_LEVEL = "-O";
				VALIDATE_PRODUCT = YES;
			};
			name = Release;
		};
		446C2E6E25EBDFA50078F4B7 /* Debug */ = {
			isa = XCBuildConfiguration;
			buildSettings = {
				ASSETCATALOG_COMPILER_APPICON_NAME = AppIcon;
				ASSETCATALOG_COMPILER_GLOBAL_ACCENT_COLOR_NAME = AccentColor;
				CODE_SIGN_STYLE = Automatic;
				INFOPLIST_FILE = popups/Info.plist;
				LD_RUNPATH_SEARCH_PATHS = (
					"$(inherited)",
					"@executable_path/Frameworks",
				);
				PRODUCT_BUNDLE_IDENTIFIER = com.getweys.popups;
				PRODUCT_NAME = "$(TARGET_NAME)";
				SWIFT_VERSION = 5.0;
				TARGETED_DEVICE_FAMILY = "1,2";
			};
			name = Debug;
		};
		446C2E6F25EBDFA50078F4B7 /* Release */ = {
			isa = XCBuildConfiguration;
			buildSettings = {
				ASSETCATALOG_COMPILER_APPICON_NAME = AppIcon;
				ASSETCATALOG_COMPILER_GLOBAL_ACCENT_COLOR_NAME = AccentColor;
				CODE_SIGN_STYLE = Automatic;
				INFOPLIST_FILE = popups/Info.plist;
				LD_RUNPATH_SEARCH_PATHS = (
					"$(inherited)",
					"@executable_path/Frameworks",
				);
				PRODUCT_BUNDLE_IDENTIFIER = com.getweys.popups;
				PRODUCT_NAME = "$(TARGET_NAME)";
				SWIFT_VERSION = 5.0;
				TARGETED_DEVICE_FAMILY = "1,2";
			};
			name = Release;
		};
		446C2E7125EBDFA50078F4B7 /* Debug */ = {
			isa = XCBuildConfiguration;
			buildSettings = {
				ALWAYS_EMBED_SWIFT_STANDARD_LIBRARIES = YES;
				BUNDLE_LOADER = "$(TEST_HOST)";
				CODE_SIGN_STYLE = Automatic;
				INFOPLIST_FILE = popupsTests/Info.plist;
				IPHONEOS_DEPLOYMENT_TARGET = 14.4;
				LD_RUNPATH_SEARCH_PATHS = (
					"$(inherited)",
					"@executable_path/Frameworks",
					"@loader_path/Frameworks",
				);
				PRODUCT_BUNDLE_IDENTIFIER = com.getweys.popupsTests;
				PRODUCT_NAME = "$(TARGET_NAME)";
				SWIFT_VERSION = 5.0;
				TARGETED_DEVICE_FAMILY = "1,2";
				TEST_HOST = "$(BUILT_PRODUCTS_DIR)/popups.app/popups";
			};
			name = Debug;
		};
		446C2E7225EBDFA50078F4B7 /* Release */ = {
			isa = XCBuildConfiguration;
			buildSettings = {
				ALWAYS_EMBED_SWIFT_STANDARD_LIBRARIES = YES;
				BUNDLE_LOADER = "$(TEST_HOST)";
				CODE_SIGN_STYLE = Automatic;
				INFOPLIST_FILE = popupsTests/Info.plist;
				IPHONEOS_DEPLOYMENT_TARGET = 14.4;
				LD_RUNPATH_SEARCH_PATHS = (
					"$(inherited)",
					"@executable_path/Frameworks",
					"@loader_path/Frameworks",
				);
				PRODUCT_BUNDLE_IDENTIFIER = com.getweys.popupsTests;
				PRODUCT_NAME = "$(TARGET_NAME)";
				SWIFT_VERSION = 5.0;
				TARGETED_DEVICE_FAMILY = "1,2";
				TEST_HOST = "$(BUILT_PRODUCTS_DIR)/popups.app/popups";
			};
			name = Release;
		};
		446C2E7425EBDFA50078F4B7 /* Debug */ = {
			isa = XCBuildConfiguration;
			buildSettings = {
				ALWAYS_EMBED_SWIFT_STANDARD_LIBRARIES = YES;
				CODE_SIGN_STYLE = Automatic;
				INFOPLIST_FILE = popupsUITests/Info.plist;
				LD_RUNPATH_SEARCH_PATHS = (
					"$(inherited)",
					"@executable_path/Frameworks",
					"@loader_path/Frameworks",
				);
				PRODUCT_BUNDLE_IDENTIFIER = com.getweys.popupsUITests;
				PRODUCT_NAME = "$(TARGET_NAME)";
				SWIFT_VERSION = 5.0;
				TARGETED_DEVICE_FAMILY = "1,2";
				TEST_TARGET_NAME = popups;
			};
			name = Debug;
		};
		446C2E7525EBDFA50078F4B7 /* Release */ = {
			isa = XCBuildConfiguration;
			buildSettings = {
				ALWAYS_EMBED_SWIFT_STANDARD_LIBRARIES = YES;
				CODE_SIGN_STYLE = Automatic;
				INFOPLIST_FILE = popupsUITests/Info.plist;
				LD_RUNPATH_SEARCH_PATHS = (
					"$(inherited)",
					"@executable_path/Frameworks",
					"@loader_path/Frameworks",
				);
				PRODUCT_BUNDLE_IDENTIFIER = com.getweys.popupsUITests;
				PRODUCT_NAME = "$(TARGET_NAME)";
				SWIFT_VERSION = 5.0;
				TARGETED_DEVICE_FAMILY = "1,2";
				TEST_TARGET_NAME = popups;
			};
			name = Release;
		};
/* End XCBuildConfiguration section */

/* Begin XCConfigurationList section */
		446C2E3E25EBDFA10078F4B7 /* Build configuration list for PBXProject "popups" */ = {
			isa = XCConfigurationList;
			buildConfigurations = (
				446C2E6B25EBDFA50078F4B7 /* Debug */,
				446C2E6C25EBDFA50078F4B7 /* Release */,
			);
			defaultConfigurationIsVisible = 0;
			defaultConfigurationName = Release;
		};
		446C2E6D25EBDFA50078F4B7 /* Build configuration list for PBXNativeTarget "popups" */ = {
			isa = XCConfigurationList;
			buildConfigurations = (
				446C2E6E25EBDFA50078F4B7 /* Debug */,
				446C2E6F25EBDFA50078F4B7 /* Release */,
			);
			defaultConfigurationIsVisible = 0;
			defaultConfigurationName = Release;
		};
		446C2E7025EBDFA50078F4B7 /* Build configuration list for PBXNativeTarget "popupsTests" */ = {
			isa = XCConfigurationList;
			buildConfigurations = (
				446C2E7125EBDFA50078F4B7 /* Debug */,
				446C2E7225EBDFA50078F4B7 /* Release */,
			);
			defaultConfigurationIsVisible = 0;
			defaultConfigurationName = Release;
		};
		446C2E7325EBDFA50078F4B7 /* Build configuration list for PBXNativeTarget "popupsUITests" */ = {
			isa = XCConfigurationList;
			buildConfigurations = (
				446C2E7425EBDFA50078F4B7 /* Debug */,
				446C2E7525EBDFA50078F4B7 /* Release */,
			);
			defaultConfigurationIsVisible = 0;
			defaultConfigurationName = Release;
		};
/* End XCConfigurationList section */
	};
	rootObject = 446C2E3B25EBDFA10078F4B7 /* Project object */;
}
